# THIS IS AN AUTOGENERATED FILE. DO NOT EDIT THIS FILE DIRECTLY.
# yarn lockfile v1


"@esbuild/android-arm64@0.17.19":
  version "0.17.19"
  resolved "https://registry.yarnpkg.com/@esbuild/android-arm64/-/android-arm64-0.17.19.tgz#bafb75234a5d3d1b690e7c2956a599345e84a2fd"
  integrity sha512-KBMWvEZooR7+kzY0BtbTQn0OAYY7CsiydT63pVEaPtVYF0hXbUaOyZog37DKxK7NF3XacBJOpYT4adIJh+avxA==

"@esbuild/android-arm@0.17.19":
  version "0.17.19"
  resolved "https://registry.yarnpkg.com/@esbuild/android-arm/-/android-arm-0.17.19.tgz#5898f7832c2298bc7d0ab53701c57beb74d78b4d"
  integrity sha512-rIKddzqhmav7MSmoFCmDIb6e2W57geRsM94gV2l38fzhXMwq7hZoClug9USI2pFRGL06f4IOPHHpFNOkWieR8A==

"@esbuild/android-x64@0.17.19":
  version "0.17.19"
  resolved "https://registry.yarnpkg.com/@esbuild/android-x64/-/android-x64-0.17.19.tgz#658368ef92067866d95fb268719f98f363d13ae1"
  integrity sha512-uUTTc4xGNDT7YSArp/zbtmbhO0uEEK9/ETW29Wk1thYUJBz3IVnvgEiEwEa9IeLyvnpKrWK64Utw2bgUmDveww==

"@esbuild/darwin-arm64@0.17.19":
  version "0.17.19"
  resolved "https://registry.yarnpkg.com/@esbuild/darwin-arm64/-/darwin-arm64-0.17.19.tgz#584c34c5991b95d4d48d333300b1a4e2ff7be276"
  integrity sha512-80wEoCfF/hFKM6WE1FyBHc9SfUblloAWx6FJkFWTWiCoht9Mc0ARGEM47e67W9rI09YoUxJL68WHfDRYEAvOhg==

"@esbuild/darwin-x64@0.17.19":
  version "0.17.19"
  resolved "https://registry.yarnpkg.com/@esbuild/darwin-x64/-/darwin-x64-0.17.19.tgz#7751d236dfe6ce136cce343dce69f52d76b7f6cb"
  integrity sha512-IJM4JJsLhRYr9xdtLytPLSH9k/oxR3boaUIYiHkAawtwNOXKE8KoU8tMvryogdcT8AU+Bflmh81Xn6Q0vTZbQw==

"@esbuild/freebsd-arm64@0.17.19":
  version "0.17.19"
  resolved "https://registry.yarnpkg.com/@esbuild/freebsd-arm64/-/freebsd-arm64-0.17.19.tgz#cacd171665dd1d500f45c167d50c6b7e539d5fd2"
  integrity sha512-pBwbc7DufluUeGdjSU5Si+P3SoMF5DQ/F/UmTSb8HXO80ZEAJmrykPyzo1IfNbAoaqw48YRpv8shwd1NoI0jcQ==

"@esbuild/freebsd-x64@0.17.19":
  version "0.17.19"
  resolved "https://registry.yarnpkg.com/@esbuild/freebsd-x64/-/freebsd-x64-0.17.19.tgz#0769456eee2a08b8d925d7c00b79e861cb3162e4"
  integrity sha512-4lu+n8Wk0XlajEhbEffdy2xy53dpR06SlzvhGByyg36qJw6Kpfk7cp45DR/62aPH9mtJRmIyrXAS5UWBrJT6TQ==

"@esbuild/linux-arm64@0.17.19":
  version "0.17.19"
  resolved "https://registry.yarnpkg.com/@esbuild/linux-arm64/-/linux-arm64-0.17.19.tgz#38e162ecb723862c6be1c27d6389f48960b68edb"
  integrity sha512-ct1Tg3WGwd3P+oZYqic+YZF4snNl2bsnMKRkb3ozHmnM0dGWuxcPTTntAF6bOP0Sp4x0PjSF+4uHQ1xvxfRKqg==

"@esbuild/linux-arm@0.17.19":
  version "0.17.19"
  resolved "https://registry.yarnpkg.com/@esbuild/linux-arm/-/linux-arm-0.17.19.tgz#1a2cd399c50040184a805174a6d89097d9d1559a"
  integrity sha512-cdmT3KxjlOQ/gZ2cjfrQOtmhG4HJs6hhvm3mWSRDPtZ/lP5oe8FWceS10JaSJC13GBd4eH/haHnqf7hhGNLerA==

"@esbuild/linux-ia32@0.17.19":
  version "0.17.19"
  resolved "https://registry.yarnpkg.com/@esbuild/linux-ia32/-/linux-ia32-0.17.19.tgz#e28c25266b036ce1cabca3c30155222841dc035a"
  integrity sha512-w4IRhSy1VbsNxHRQpeGCHEmibqdTUx61Vc38APcsRbuVgK0OPEnQ0YD39Brymn96mOx48Y2laBQGqgZ0j9w6SQ==

"@esbuild/linux-loong64@0.17.19":
  version "0.17.19"
  resolved "https://registry.yarnpkg.com/@esbuild/linux-loong64/-/linux-loong64-0.17.19.tgz#0f887b8bb3f90658d1a0117283e55dbd4c9dcf72"
  integrity sha512-2iAngUbBPMq439a+z//gE+9WBldoMp1s5GWsUSgqHLzLJ9WoZLZhpwWuym0u0u/4XmZ3gpHmzV84PonE+9IIdQ==

"@esbuild/linux-mips64el@0.17.19":
  version "0.17.19"
  resolved "https://registry.yarnpkg.com/@esbuild/linux-mips64el/-/linux-mips64el-0.17.19.tgz#f5d2a0b8047ea9a5d9f592a178ea054053a70289"
  integrity sha512-LKJltc4LVdMKHsrFe4MGNPp0hqDFA1Wpt3jE1gEyM3nKUvOiO//9PheZZHfYRfYl6AwdTH4aTcXSqBerX0ml4A==

"@esbuild/linux-ppc64@0.17.19":
  version "0.17.19"
  resolved "https://registry.yarnpkg.com/@esbuild/linux-ppc64/-/linux-ppc64-0.17.19.tgz#876590e3acbd9fa7f57a2c7d86f83717dbbac8c7"
  integrity sha512-/c/DGybs95WXNS8y3Ti/ytqETiW7EU44MEKuCAcpPto3YjQbyK3IQVKfF6nbghD7EcLUGl0NbiL5Rt5DMhn5tg==

"@esbuild/linux-riscv64@0.17.19":
  version "0.17.19"
  resolved "https://registry.yarnpkg.com/@esbuild/linux-riscv64/-/linux-riscv64-0.17.19.tgz#7f49373df463cd9f41dc34f9b2262d771688bf09"
  integrity sha512-FC3nUAWhvFoutlhAkgHf8f5HwFWUL6bYdvLc/TTuxKlvLi3+pPzdZiFKSWz/PF30TB1K19SuCxDTI5KcqASJqA==

"@esbuild/linux-s390x@0.17.19":
  version "0.17.19"
  resolved "https://registry.yarnpkg.com/@esbuild/linux-s390x/-/linux-s390x-0.17.19.tgz#e2afd1afcaf63afe2c7d9ceacd28ec57c77f8829"
  integrity sha512-IbFsFbxMWLuKEbH+7sTkKzL6NJmG2vRyy6K7JJo55w+8xDk7RElYn6xvXtDW8HCfoKBFK69f3pgBJSUSQPr+4Q==

"@esbuild/linux-x64@0.17.19":
  version "0.17.19"
  resolved "https://registry.yarnpkg.com/@esbuild/linux-x64/-/linux-x64-0.17.19.tgz#8a0e9738b1635f0c53389e515ae83826dec22aa4"
  integrity sha512-68ngA9lg2H6zkZcyp22tsVt38mlhWde8l3eJLWkyLrp4HwMUr3c1s/M2t7+kHIhvMjglIBrFpncX1SzMckomGw==

"@esbuild/netbsd-x64@0.17.19":
  version "0.17.19"
  resolved "https://registry.yarnpkg.com/@esbuild/netbsd-x64/-/netbsd-x64-0.17.19.tgz#c29fb2453c6b7ddef9a35e2c18b37bda1ae5c462"
  integrity sha512-CwFq42rXCR8TYIjIfpXCbRX0rp1jo6cPIUPSaWwzbVI4aOfX96OXY8M6KNmtPcg7QjYeDmN+DD0Wp3LaBOLf4Q==

"@esbuild/openbsd-x64@0.17.19":
  version "0.17.19"
  resolved "https://registry.yarnpkg.com/@esbuild/openbsd-x64/-/openbsd-x64-0.17.19.tgz#95e75a391403cb10297280d524d66ce04c920691"
  integrity sha512-cnq5brJYrSZ2CF6c35eCmviIN3k3RczmHz8eYaVlNasVqsNY+JKohZU5MKmaOI+KkllCdzOKKdPs762VCPC20g==

"@esbuild/sunos-x64@0.17.19":
  version "0.17.19"
  resolved "https://registry.yarnpkg.com/@esbuild/sunos-x64/-/sunos-x64-0.17.19.tgz#722eaf057b83c2575937d3ffe5aeb16540da7273"
  integrity sha512-vCRT7yP3zX+bKWFeP/zdS6SqdWB8OIpaRq/mbXQxTGHnIxspRtigpkUcDMlSCOejlHowLqII7K2JKevwyRP2rg==

"@esbuild/win32-arm64@0.17.19":
  version "0.17.19"
  resolved "https://registry.yarnpkg.com/@esbuild/win32-arm64/-/win32-arm64-0.17.19.tgz#9aa9dc074399288bdcdd283443e9aeb6b9552b6f"
  integrity sha512-yYx+8jwowUstVdorcMdNlzklLYhPxjniHWFKgRqH7IFlUEa0Umu3KuYplf1HUZZ422e3NU9F4LGb+4O0Kdcaag==

"@esbuild/win32-ia32@0.17.19":
  version "0.17.19"
  resolved "https://registry.yarnpkg.com/@esbuild/win32-ia32/-/win32-ia32-0.17.19.tgz#95ad43c62ad62485e210f6299c7b2571e48d2b03"
  integrity sha512-eggDKanJszUtCdlVs0RB+h35wNlb5v4TWEkq4vZcmVt5u/HiDZrTXe2bWFQUez3RgNHwx/x4sk5++4NSSicKkw==

"@esbuild/win32-x64@0.17.19":
  version "0.17.19"
  resolved "https://registry.yarnpkg.com/@esbuild/win32-x64/-/win32-x64-0.17.19.tgz#8cfaf2ff603e9aabb910e9c0558c26cf32744061"
  integrity sha512-lAhycmKnVOuRYNtRtatQR1LPQf2oYCkRGkSFnseDAKPl8lu5SOsK/e1sXe5a0Pc5kHIHe6P2I/ilntNv2xf3cA==

"@noble/curves@1.0.0":
  version "1.0.0"
  resolved "https://registry.yarnpkg.com/@noble/curves/-/curves-1.0.0.tgz#e40be8c7daf088aaf291887cbc73f43464a92932"
  integrity sha512-2upgEu0iLiDVDZkNLeFV2+ht0BAVgQnEmCk6JsOch9Rp8xfkMCbvbAZlA2pBHQc73dbl+vFOXfqkf4uemdn0bw==
  dependencies:
    "@noble/hashes" "1.3.0"

"@noble/hashes@1.3.0":
  version "1.3.0"
  resolved "https://registry.yarnpkg.com/@noble/hashes/-/hashes-1.3.0.tgz#085fd70f6d7d9d109671090ccae1d3bec62554a1"
  integrity sha512-ilHEACi9DwqJB0pw7kv+Apvh50jiiSyR/cQ3y4W7lOR5mhvn/50FLUfsnfJz0BDZtl/RR16kXvptiv6q1msYZg==

"@polkadot/api-augment@10.6.1":
  version "10.6.1"
  resolved "https://registry.yarnpkg.com/@polkadot/api-augment/-/api-augment-10.6.1.tgz#95f99070ae61ff3d3dbdd1be9cecf68a6b3174c7"
  integrity sha512-wgZG2yaIziWgYZxkkkdGgqPOwsxaXW/aHe5trTWxBgbX8SDJbGFiu5yWKetsUnpWIO1nsvovMnCjjeBsmG2YHg==
  dependencies:
    "@polkadot/api-base" "10.6.1"
    "@polkadot/rpc-augment" "10.6.1"
    "@polkadot/types" "10.6.1"
    "@polkadot/types-augment" "10.6.1"
    "@polkadot/types-codec" "10.6.1"
    "@polkadot/util" "^12.1.2"
    tslib "^2.5.0"

"@polkadot/api-base@10.6.1":
  version "10.6.1"
  resolved "https://registry.yarnpkg.com/@polkadot/api-base/-/api-base-10.6.1.tgz#47c8843ecd707de8d1c3a04cde63f52aa1e58526"
  integrity sha512-RvZtQoAZiRNknzOsS/89AsZSr/36j3c6Gkx3IfMtRGlLC8QXRTLgecNGcuEJLgu44oz1jqOJrCxS39/+h+AJlQ==
  dependencies:
    "@polkadot/rpc-core" "10.6.1"
    "@polkadot/types" "10.6.1"
    "@polkadot/util" "^12.1.2"
    rxjs "^7.8.1"
    tslib "^2.5.0"

"@polkadot/api-derive@10.6.1":
  version "10.6.1"
  resolved "https://registry.yarnpkg.com/@polkadot/api-derive/-/api-derive-10.6.1.tgz#fcdd45622266fe331df3c4aad950ceca6e6ad4a9"
  integrity sha512-yywRRrU1QkUtruR4k+ywlknGJ6tNhFlqEX8ZhCsUhwLDW1dZQO5AX+2fPxTvyhXcPL/NLUtTJEIyJxeysFMWlg==
  dependencies:
    "@polkadot/api" "10.6.1"
    "@polkadot/api-augment" "10.6.1"
    "@polkadot/api-base" "10.6.1"
    "@polkadot/rpc-core" "10.6.1"
    "@polkadot/types" "10.6.1"
    "@polkadot/types-codec" "10.6.1"
    "@polkadot/util" "^12.1.2"
    "@polkadot/util-crypto" "^12.1.2"
    rxjs "^7.8.1"
    tslib "^2.5.0"

"@polkadot/api@10.6.1", "@polkadot/api@^10.6.1":
  version "10.6.1"
  resolved "https://registry.yarnpkg.com/@polkadot/api/-/api-10.6.1.tgz#3088c07d7497a401550368d2e43235c837c01e96"
  integrity sha512-LVDMfppdjvYCqvWoFRQRTAAmRho0Vyv9lBtdPfZLQuSq/eHQLRmtgz1dT/8aL3kmJL0ui0inBP9Ql3Fr6qsU8w==
  dependencies:
    "@polkadot/api-augment" "10.6.1"
    "@polkadot/api-base" "10.6.1"
    "@polkadot/api-derive" "10.6.1"
    "@polkadot/keyring" "^12.1.2"
    "@polkadot/rpc-augment" "10.6.1"
    "@polkadot/rpc-core" "10.6.1"
    "@polkadot/rpc-provider" "10.6.1"
    "@polkadot/types" "10.6.1"
    "@polkadot/types-augment" "10.6.1"
    "@polkadot/types-codec" "10.6.1"
    "@polkadot/types-create" "10.6.1"
    "@polkadot/types-known" "10.6.1"
    "@polkadot/util" "^12.1.2"
    "@polkadot/util-crypto" "^12.1.2"
    eventemitter3 "^5.0.1"
    rxjs "^7.8.1"
    tslib "^2.5.0"

"@polkadot/keyring@^12.1.2":
  version "12.1.2"
  resolved "https://registry.yarnpkg.com/@polkadot/keyring/-/keyring-12.1.2.tgz#1b274ace818c3a440c3310af7aa1d3551a7e6eed"
  integrity sha512-HskFoZwLwRWPthEQK50uOiOsbdIt0AY3gcrDmSS2ltkpUDY9qzlb/fAj0+QGtTrK36v5gHT8OD56Pd4l0FDMFw==
  dependencies:
    "@polkadot/util" "12.1.2"
    "@polkadot/util-crypto" "12.1.2"
    tslib "^2.5.0"

"@polkadot/networks@12.1.2", "@polkadot/networks@^12.1.2":
  version "12.1.2"
  resolved "https://registry.yarnpkg.com/@polkadot/networks/-/networks-12.1.2.tgz#4631ec701f87f6a1805faaf24f0199ca50f36716"
  integrity sha512-9gC5GYGFKXHY4oQaMfYvLLxGJ55slT3V8Zc6uk96KKysEvpSMDXdPUAKZJ3SXN9Iz3KaEa9x6RD5ZEf5j6BJ6g==
  dependencies:
    "@polkadot/util" "12.1.2"
    "@substrate/ss58-registry" "^1.40.0"
    tslib "^2.5.0"

"@polkadot/rpc-augment@10.6.1":
  version "10.6.1"
  resolved "https://registry.yarnpkg.com/@polkadot/rpc-augment/-/rpc-augment-10.6.1.tgz#7be7dcff3b44285cca160a38af907a9a1cda4adb"
  integrity sha512-xlDU/yRuGJiW0FpRH43/ltyniW0aRMAtgwphxcrQWXiSy5IiPwwFNUoGUgAibPvXf/U2/8cPKlkm1aZVIitBjQ==
  dependencies:
    "@polkadot/rpc-core" "10.6.1"
    "@polkadot/types" "10.6.1"
    "@polkadot/types-codec" "10.6.1"
    "@polkadot/util" "^12.1.2"
    tslib "^2.5.0"

"@polkadot/rpc-core@10.6.1":
  version "10.6.1"
  resolved "https://registry.yarnpkg.com/@polkadot/rpc-core/-/rpc-core-10.6.1.tgz#c2e9711979ef625239853d54683b0b2879b3abd3"
  integrity sha512-Od6Np+dJGjRD82ISZy/wh8D+DRRqbifFaVm9X+xS2I80qCdaLjN/A78mC+LqruOhlNC+1JgrF8h8/lASWwz73w==
  dependencies:
    "@polkadot/rpc-augment" "10.6.1"
    "@polkadot/rpc-provider" "10.6.1"
    "@polkadot/types" "10.6.1"
    "@polkadot/util" "^12.1.2"
    rxjs "^7.8.1"
    tslib "^2.5.0"

"@polkadot/rpc-provider@10.6.1":
  version "10.6.1"
  resolved "https://registry.yarnpkg.com/@polkadot/rpc-provider/-/rpc-provider-10.6.1.tgz#e62e26a0b3bf36ddd3ac59703557b5f10775a79d"
  integrity sha512-4tkNgHQJ6/2HnK68kscgO5JhitWNwnQUPFIAhtkIjKec9mu9hzjRS8XzouvYoYO93Cfhf7fD0E5gF0akKLRBRg==
  dependencies:
    "@polkadot/keyring" "^12.1.2"
    "@polkadot/types" "10.6.1"
    "@polkadot/types-support" "10.6.1"
    "@polkadot/util" "^12.1.2"
    "@polkadot/util-crypto" "^12.1.2"
    "@polkadot/x-fetch" "^12.1.2"
    "@polkadot/x-global" "^12.1.2"
    "@polkadot/x-ws" "^12.1.2"
    eventemitter3 "^5.0.1"
    mock-socket "^9.2.1"
    nock "^13.3.1"
    tslib "^2.5.0"
  optionalDependencies:
    "@substrate/connect" "0.7.26"

"@polkadot/types-augment@10.6.1":
  version "10.6.1"
  resolved "https://registry.yarnpkg.com/@polkadot/types-augment/-/types-augment-10.6.1.tgz#3758069e05c9897d2869c3a001ecc2ee2786421f"
  integrity sha512-BUOIDHqqiS+NPJSBUTbeF/d3pGebLQPQU8BiN1dDMc9KQaOUVEkSX+0ZBUfOCIHB3AaqgQGL9qofObvdigQSuA==
  dependencies:
    "@polkadot/types" "10.6.1"
    "@polkadot/types-codec" "10.6.1"
    "@polkadot/util" "^12.1.2"
    tslib "^2.5.0"

"@polkadot/types-codec@10.6.1":
  version "10.6.1"
  resolved "https://registry.yarnpkg.com/@polkadot/types-codec/-/types-codec-10.6.1.tgz#764b61aa3d448ac2136b2507166e7b3c26e2df36"
  integrity sha512-4a4va5gb/L3Tc7902iGrf7Azf6YtUteaqf3qtCRbl8pFMNAu3ZVkfcrto09miwx6CgDEIQM9Zk7dzdPIFHJDQw==
  dependencies:
    "@polkadot/util" "^12.1.2"
    "@polkadot/x-bigint" "^12.1.2"
    tslib "^2.5.0"

"@polkadot/types-create@10.6.1":
  version "10.6.1"
  resolved "https://registry.yarnpkg.com/@polkadot/types-create/-/types-create-10.6.1.tgz#7b6a593ca1f33b25a896573e8cdb34ee0804d79b"
  integrity sha512-Wj7ohXlK68h5JwIDMS/GR/znlMjwNtt4MYye7qCVhcbCjPaqb6DtK/bhL8FdkufD6bKZWkwA+gb5uF1paoxLGQ==
  dependencies:
    "@polkadot/types-codec" "10.6.1"
    "@polkadot/util" "^12.1.2"
    tslib "^2.5.0"

"@polkadot/types-known@10.6.1":
  version "10.6.1"
  resolved "https://registry.yarnpkg.com/@polkadot/types-known/-/types-known-10.6.1.tgz#b0a89a7ad8c355ceda9346979a31d80a51c4b14e"
  integrity sha512-IPHCrHx+WHMcutmORB9hBJRyeD1uA9V1QuM+4WBFt7567m61q1s6Z4bhACfh8RsqXeIiLezylBn5gIf5VvHu/A==
  dependencies:
    "@polkadot/networks" "^12.1.2"
    "@polkadot/types" "10.6.1"
    "@polkadot/types-codec" "10.6.1"
    "@polkadot/types-create" "10.6.1"
    "@polkadot/util" "^12.1.2"
    tslib "^2.5.0"

"@polkadot/types-support@10.6.1":
  version "10.6.1"
  resolved "https://registry.yarnpkg.com/@polkadot/types-support/-/types-support-10.6.1.tgz#0bf7b12a4b1f1cbf3aa7e39b653f45eefebb5591"
  integrity sha512-nEMWzvuTZfeLxBs4FVdJZkuoO51DJYnSzPzNpoa1N7VOcteInR75rnkdHUbh4IF6AoKmc+yL7Uro8i66wRkQNg==
  dependencies:
    "@polkadot/util" "^12.1.2"
    tslib "^2.5.0"

"@polkadot/types@10.6.1":
  version "10.6.1"
  resolved "https://registry.yarnpkg.com/@polkadot/types/-/types-10.6.1.tgz#2e14c3e0ae462362331fc206a8371d9d7a486221"
  integrity sha512-ZRzFwX0Pd+djq8aRxbT03F5UooVdSF9vKDeDfoFLN4pvh5CT/J2/bYJXhdTnbg5o3QanVKekiVxEg0Zk80nWzw==
  dependencies:
    "@polkadot/keyring" "^12.1.2"
    "@polkadot/types-augment" "10.6.1"
    "@polkadot/types-codec" "10.6.1"
    "@polkadot/types-create" "10.6.1"
    "@polkadot/util" "^12.1.2"
    "@polkadot/util-crypto" "^12.1.2"
    rxjs "^7.8.1"
    tslib "^2.5.0"

"@polkadot/util-crypto@12.1.2", "@polkadot/util-crypto@^12.1.2":
  version "12.1.2"
  resolved "https://registry.yarnpkg.com/@polkadot/util-crypto/-/util-crypto-12.1.2.tgz#7045c85a63316e2aa2cddf930e0b3c6228b539b8"
  integrity sha512-xV5P7auvs2Qck+HGGk2uaJWyujbJSFc+VDlM/giqM2xKgfmkRUTgGtcBuLLLZq5R1A9tGW5DUQg0VgVHYJaNvw==
  dependencies:
    "@noble/curves" "1.0.0"
    "@noble/hashes" "1.3.0"
    "@polkadot/networks" "12.1.2"
    "@polkadot/util" "12.1.2"
    "@polkadot/wasm-crypto" "^7.1.2"
    "@polkadot/wasm-util" "^7.1.2"
    "@polkadot/x-bigint" "12.1.2"
    "@polkadot/x-randomvalues" "12.1.2"
    "@scure/base" "1.1.1"
    tslib "^2.5.0"

"@polkadot/util@12.1.2", "@polkadot/util@^12.1.2":
  version "12.1.2"
  resolved "https://registry.yarnpkg.com/@polkadot/util/-/util-12.1.2.tgz#3d54895a5bb6a4d59eb1d745e191224d3f0ed0b1"
  integrity sha512-Da8q+0WVWSuMMS3hLAwnIid8FKRGLmwhD69jikye47zeEXCtvp4e/bjD0YbINNKHoeIRsApchJtqmbaEoxXjIQ==
  dependencies:
    "@polkadot/x-bigint" "12.1.2"
    "@polkadot/x-global" "12.1.2"
    "@polkadot/x-textdecoder" "12.1.2"
    "@polkadot/x-textencoder" "12.1.2"
    "@types/bn.js" "^5.1.1"
    bn.js "^5.2.1"
    tslib "^2.5.0"

"@polkadot/wasm-bridge@7.1.2":
  version "7.1.2"
  resolved "https://registry.yarnpkg.com/@polkadot/wasm-bridge/-/wasm-bridge-7.1.2.tgz#c8c2f3ac84b6f56be7cdb3f57347d3a45801341e"
  integrity sha512-6t8b1el/03b30ZFKVFYU5pQEx9OeDZ3GBndgZ5b6fMNFRoowFWTwx74HLqhXlQb+hOTjGJA70jHdxkplh1sO3A==
  dependencies:
    "@polkadot/wasm-util" "7.1.2"
    tslib "^2.5.0"

"@polkadot/wasm-crypto-asmjs@7.1.2":
  version "7.1.2"
  resolved "https://registry.yarnpkg.com/@polkadot/wasm-crypto-asmjs/-/wasm-crypto-asmjs-7.1.2.tgz#bde1ec84721dd2e5ad60c6d8af927e1f8be15007"
  integrity sha512-Gdb824MoeWjESv7fu57Dqpvmx7FR2zhM2Os34/H8s1LcZ8m5qUxvm22kjtq+6DRJlGo7KxpS0OA4xCbSDDe0rA==
  dependencies:
    tslib "^2.5.0"

"@polkadot/wasm-crypto-init@7.1.2":
  version "7.1.2"
  resolved "https://registry.yarnpkg.com/@polkadot/wasm-crypto-init/-/wasm-crypto-init-7.1.2.tgz#ed44b39502c3abe2b403de750975300c310a543d"
  integrity sha512-jqeK04MYofvCU7kFMJDoKUM9SjfDEBDizIxgurxAZZvF4jMOhgStZTLTr9QkKTOMTrMUE9PWRMzrnDM/Od3kzA==
  dependencies:
    "@polkadot/wasm-bridge" "7.1.2"
    "@polkadot/wasm-crypto-asmjs" "7.1.2"
    "@polkadot/wasm-crypto-wasm" "7.1.2"
    "@polkadot/wasm-util" "7.1.2"
    tslib "^2.5.0"

"@polkadot/wasm-crypto-wasm@7.1.2":
  version "7.1.2"
  resolved "https://registry.yarnpkg.com/@polkadot/wasm-crypto-wasm/-/wasm-crypto-wasm-7.1.2.tgz#16c36e7028f22817c2ec741dcb74be751e156594"
  integrity sha512-p2RBfXc43r6rXkFo811LboSfRQFpCgOC6+ByqMs/geTA/+/I4l2ajz95aL6cQ20AA3W5x/ZwHxhwvmJ0HBjJ6A==
  dependencies:
    "@polkadot/wasm-util" "7.1.2"
    tslib "^2.5.0"

"@polkadot/wasm-crypto@^7.1.2":
  version "7.1.2"
  resolved "https://registry.yarnpkg.com/@polkadot/wasm-crypto/-/wasm-crypto-7.1.2.tgz#35e0b9243ee88f044925e681d729146373add40a"
  integrity sha512-DO5Xf5nA2mSVdWnRM+PLAVE/wcg9vZAQkSHHSE+/qDmDVCQYygksHOA8ecRvn8nGfMNZQ0rmlIlsgyvAEtX1pw==
  dependencies:
    "@polkadot/wasm-bridge" "7.1.2"
    "@polkadot/wasm-crypto-asmjs" "7.1.2"
    "@polkadot/wasm-crypto-init" "7.1.2"
    "@polkadot/wasm-crypto-wasm" "7.1.2"
    "@polkadot/wasm-util" "7.1.2"
    tslib "^2.5.0"

"@polkadot/wasm-util@7.1.2", "@polkadot/wasm-util@^7.1.2":
  version "7.1.2"
  resolved "https://registry.yarnpkg.com/@polkadot/wasm-util/-/wasm-util-7.1.2.tgz#71ee1d55d0c3d55ceef2ee762c02eda5395a759a"
  integrity sha512-lHQJFG0iotgmUovXYcw/HM3QhGxtze6ozAgRMd0/maTQjYwbV/7z1NzEle9fBwxX6GijTnpWc1vzW+YU0O1lLw==
  dependencies:
    tslib "^2.5.0"

"@polkadot/x-bigint@12.1.2", "@polkadot/x-bigint@^12.1.2":
  version "12.1.2"
  resolved "https://registry.yarnpkg.com/@polkadot/x-bigint/-/x-bigint-12.1.2.tgz#c735dd71a5e6a4dbb8075288ad6dddbfbab45a05"
  integrity sha512-KU7C8HlJ2kO6Igg2Jq2Q/eAdll3HuVoylYcyVQxevcrC2fXhC2PDIEa+iWHBPz40p2TvI9sBZKrCsDDGz9K6sw==
  dependencies:
    "@polkadot/x-global" "12.1.2"
    tslib "^2.5.0"

"@polkadot/x-fetch@^12.1.2":
  version "12.1.2"
  resolved "https://registry.yarnpkg.com/@polkadot/x-fetch/-/x-fetch-12.1.2.tgz#095673de3ab6bed0c790e496fba3f549fa56fe4d"
  integrity sha512-X+MY1UT25Xcvp6iUQOdmukOle1KsKaAblEhl+CrDfXGwM90wDLc5U3TZzddrKnQRcIgcNDyn9gRlHGQkZEbL9Q==
  dependencies:
    "@polkadot/x-global" "12.1.2"
    node-fetch "^3.3.1"
    tslib "^2.5.0"

"@polkadot/x-global@12.1.2", "@polkadot/x-global@^12.1.2":
  version "12.1.2"
  resolved "https://registry.yarnpkg.com/@polkadot/x-global/-/x-global-12.1.2.tgz#e887f0e82f2d7c075aae4309bf09830e99ba742d"
  integrity sha512-WGwPQN27hpwhVOQGUizJfmNJRxkijMwECMPUAYtSSgJhkV5MwWeFuVebfUjgHceakEvDRQWzEX6JjV6TttnPZw==
  dependencies:
    tslib "^2.5.0"

"@polkadot/x-randomvalues@12.1.2":
  version "12.1.2"
  resolved "https://registry.yarnpkg.com/@polkadot/x-randomvalues/-/x-randomvalues-12.1.2.tgz#dd043046c9c8e3fc1e6948b84b5517cb8a7b05ee"
  integrity sha512-Jqwftgl+t8egG5miwI3f+MUNp3GIJUxZ0mcYbGDc3dY8LueY3yhKs94MQF/S6h8XPpRFI5/8mUZnmMgmNXsX6Q==
  dependencies:
    "@polkadot/x-global" "12.1.2"
    tslib "^2.5.0"

"@polkadot/x-textdecoder@12.1.2":
  version "12.1.2"
  resolved "https://registry.yarnpkg.com/@polkadot/x-textdecoder/-/x-textdecoder-12.1.2.tgz#35d5fc7312aa48d1f2002a594545b2938333c8d6"
  integrity sha512-O5ygxEHdPCIQVzH7T+xVALBfCwrT5tVms7Yjp6EMT697A9gpD3U2aPr4YinsQO6JFwYpQNzvm2wjW+7EEzYitw==
  dependencies:
    "@polkadot/x-global" "12.1.2"
    tslib "^2.5.0"

"@polkadot/x-textencoder@12.1.2":
  version "12.1.2"
  resolved "https://registry.yarnpkg.com/@polkadot/x-textencoder/-/x-textencoder-12.1.2.tgz#4259a7bc74d53c40e2deab752bad40d479f4a99b"
  integrity sha512-N+9HIXT0eUQbfg/SfGrNRK8aLFpd2QngJzTxo8CljpjCvQ2ddqzBVFA8o/lKTaXVzX84EmPDzjIV+yJlOXnglA==
  dependencies:
    "@polkadot/x-global" "12.1.2"
    tslib "^2.5.0"

"@polkadot/x-ws@^12.1.2":
  version "12.1.2"
  resolved "https://registry.yarnpkg.com/@polkadot/x-ws/-/x-ws-12.1.2.tgz#cdde7e53292a55063a7286fb4079f1b86233542d"
  integrity sha512-xmwBtn0WIstrviNuLNladsVHXUWeh4/HHAuCCeTp5Rld+8pJ6D1snhl+qvicmm4t1Si9mpb6y4yfnWFm5fLHVA==
  dependencies:
    "@polkadot/x-global" "12.1.2"
    tslib "^2.5.0"
    ws "^8.13.0"

"@scure/base@1.1.1":
  version "1.1.1"
  resolved "https://registry.yarnpkg.com/@scure/base/-/base-1.1.1.tgz#ebb651ee52ff84f420097055f4bf46cfba403938"
  integrity sha512-ZxOhsSyxYwLJj3pLZCefNitxsj093tb2vq90mp2txoYeBqbcjDjqFhyM8eUjq/uFm6zJ+mUuqxlS2FkuSY1MTA==

"@substrate/connect-extension-protocol@^1.0.1":
  version "1.0.1"
  resolved "https://registry.yarnpkg.com/@substrate/connect-extension-protocol/-/connect-extension-protocol-1.0.1.tgz#fa5738039586c648013caa6a0c95c43265dbe77d"
  integrity sha512-161JhCC1csjH3GE5mPLEd7HbWtwNSPJBg3p1Ksz9SFlTzj/bgEwudiRN2y5i0MoLGCIJRYKyKGMxVnd29PzNjg==

"@substrate/connect@0.7.26":
  version "0.7.26"
  resolved "https://registry.yarnpkg.com/@substrate/connect/-/connect-0.7.26.tgz#a0ee5180c9cb2f29250d1219a32f7b7e7dea1196"
  integrity sha512-uuGSiroGuKWj1+38n1kY5HReer5iL9bRwPCzuoLtqAOmI1fGI0hsSI2LlNQMAbfRgr7VRHXOk5MTuQf5ulsFRw==
  dependencies:
    "@substrate/connect-extension-protocol" "^1.0.1"
    eventemitter3 "^4.0.7"
    smoldot "1.0.4"

"@substrate/ss58-registry@^1.40.0":
  version "1.40.0"
  resolved "https://registry.yarnpkg.com/@substrate/ss58-registry/-/ss58-registry-1.40.0.tgz#2223409c496271df786c1ca8496898896595441e"
  integrity sha512-QuU2nBql3J4KCnOWtWDw4n1K4JU0T79j54ZZvm/9nhsX6AIar13FyhsaBfs6QkJ2ixTQAnd7TocJIoJRWbqMZA==

"@types/bn.js@^5.1.1":
  version "5.1.1"
  resolved "https://registry.yarnpkg.com/@types/bn.js/-/bn.js-5.1.1.tgz#b51e1b55920a4ca26e9285ff79936bbdec910682"
  integrity sha512-qNrYbZqMx0uJAfKnKclPh+dTwK33KfLHYqtyODwd5HnXOjnkhc4qgn3BrK6RWyGZm5+sIFE7Q7Vz6QQtJB7w7g==
  dependencies:
    "@types/node" "*"

"@types/node@*":
  version "20.1.3"
  resolved "https://registry.yarnpkg.com/@types/node/-/node-20.1.3.tgz#bc8e7cd8065a5fc355a3a191a68db8019c58bc00"
  integrity sha512-NP2yfZpgmf2eDRPmgGq+fjGjSwFgYbihA8/gK+ey23qT9RkxsgNTZvGOEpXgzIGqesTYkElELLgtKoMQTys5vA==

bn.js@^5.2.1:
  version "5.2.1"
  resolved "https://registry.yarnpkg.com/bn.js/-/bn.js-5.2.1.tgz#0bc527a6a0d18d0aa8d5b0538ce4a77dccfa7b70"
  integrity sha512-eXRvHzWyYPBuB4NBy0cmYQjGitUrtqwbvlzP3G6VFnNRbsZQIxQ10PbKKHt8gZ/HW/D/747aDl+QkDqg3KQLMQ==

data-uri-to-buffer@^4.0.0:
  version "4.0.1"
  resolved "https://registry.yarnpkg.com/data-uri-to-buffer/-/data-uri-to-buffer-4.0.1.tgz#d8feb2b2881e6a4f58c2e08acfd0e2834e26222e"
  integrity sha512-0R9ikRb668HB7QDxT1vkpuUBtqc53YyAwMwGeUFKRojY/NWKvdZ+9UYtRfGmhqNbRkTSVpMbmyhXipFFv2cb/A==

debug@^4.1.0:
  version "4.3.4"
  resolved "https://registry.yarnpkg.com/debug/-/debug-4.3.4.tgz#1319f6579357f2338d3337d2cdd4914bb5dcc865"
  integrity sha512-PRWFHuSU3eDtQJPvnNY7Jcket1j0t5OuOsFzPPzsekD52Zl8qUfFIPEiswXqIvHWGVHOgX+7G/vCNNhehwxfkQ==
  dependencies:
    ms "2.1.2"

esbuild@^0.17.19:
  version "0.17.19"
  resolved "https://registry.yarnpkg.com/esbuild/-/esbuild-0.17.19.tgz#087a727e98299f0462a3d0bcdd9cd7ff100bd955"
  integrity sha512-XQ0jAPFkK/u3LcVRcvVHQcTIqD6E2H1fvZMA5dQPSOWb3suUbWbfbRf94pjc0bNzRYLfIrDRQXr7X+LHIm5oHw==
  optionalDependencies:
    "@esbuild/android-arm" "0.17.19"
    "@esbuild/android-arm64" "0.17.19"
    "@esbuild/android-x64" "0.17.19"
    "@esbuild/darwin-arm64" "0.17.19"
    "@esbuild/darwin-x64" "0.17.19"
    "@esbuild/freebsd-arm64" "0.17.19"
    "@esbuild/freebsd-x64" "0.17.19"
    "@esbuild/linux-arm" "0.17.19"
    "@esbuild/linux-arm64" "0.17.19"
    "@esbuild/linux-ia32" "0.17.19"
    "@esbuild/linux-loong64" "0.17.19"
    "@esbuild/linux-mips64el" "0.17.19"
    "@esbuild/linux-ppc64" "0.17.19"
    "@esbuild/linux-riscv64" "0.17.19"
    "@esbuild/linux-s390x" "0.17.19"
    "@esbuild/linux-x64" "0.17.19"
    "@esbuild/netbsd-x64" "0.17.19"
    "@esbuild/openbsd-x64" "0.17.19"
    "@esbuild/sunos-x64" "0.17.19"
    "@esbuild/win32-arm64" "0.17.19"
    "@esbuild/win32-ia32" "0.17.19"
    "@esbuild/win32-x64" "0.17.19"

eventemitter3@^4.0.7:
  version "4.0.7"
  resolved "https://registry.yarnpkg.com/eventemitter3/-/eventemitter3-4.0.7.tgz#2de9b68f6528d5644ef5c59526a1b4a07306169f"
  integrity sha512-8guHBZCwKnFhYdHr2ysuRWErTwhoN2X8XELRlrRwpmfeY2jjuUN4taQMsULKUVo1K4DvZl+0pgfyoysHxvmvEw==

eventemitter3@^5.0.1:
  version "5.0.1"
  resolved "https://registry.yarnpkg.com/eventemitter3/-/eventemitter3-5.0.1.tgz#53f5ffd0a492ac800721bb42c66b841de96423c4"
  integrity sha512-GWkBvjiSZK87ELrYOSESUYeVIc9mvLLf/nXalMOS5dYrgZq9o5OVkbZAVM06CVxYsCwH9BDZFPlQTlPA1j4ahA==

fetch-blob@^3.1.2, fetch-blob@^3.1.4:
  version "3.2.0"
  resolved "https://registry.yarnpkg.com/fetch-blob/-/fetch-blob-3.2.0.tgz#f09b8d4bbd45adc6f0c20b7e787e793e309dcce9"
  integrity sha512-7yAQpD2UMJzLi1Dqv7qFYnPbaPx7ZfFK6PiIxQ4PfkGPyNyl2Ugx+a/umUonmKqjhM4DnfbMvdX6otXq83soQQ==
  dependencies:
    node-domexception "^1.0.0"
    web-streams-polyfill "^3.0.3"

formdata-polyfill@^4.0.10:
  version "4.0.10"
  resolved "https://registry.yarnpkg.com/formdata-polyfill/-/formdata-polyfill-4.0.10.tgz#24807c31c9d402e002ab3d8c720144ceb8848423"
  integrity sha512-buewHzMvYL29jdeQTVILecSaZKnt/RJWjoZCF5OW60Z67/GmSLBkOFM7qh1PI3zFNtJbaZL5eQu1vLfazOwj4g==
  dependencies:
    fetch-blob "^3.1.2"

json-stringify-safe@^5.0.1:
  version "5.0.1"
  resolved "https://registry.yarnpkg.com/json-stringify-safe/-/json-stringify-safe-5.0.1.tgz#1296a2d58fd45f19a0f6ce01d65701e2c735b6eb"
  integrity sha512-ZClg6AaYvamvYEE82d3Iyd3vSSIjQ+odgjaTzRuO3s7toCdFKczob2i0zCh7JE8kWn17yvAWhUVxvqGwUalsRA==

lodash@^4.17.21:
  version "4.17.21"
  resolved "https://registry.yarnpkg.com/lodash/-/lodash-4.17.21.tgz#679591c564c3bffaae8454cf0b3df370c3d6911c"
  integrity sha512-v2kDEe57lecTulaDIuNTPy3Ry4gLGJ6Z1O3vE1krgXZNrsQ+LFTGHVxVjcXPs17LhbZVGedAJv8XZ1tvj5FvSg==

mock-socket@^9.2.1:
  version "9.2.1"
  resolved "https://registry.yarnpkg.com/mock-socket/-/mock-socket-9.2.1.tgz#cc9c0810aa4d0afe02d721dcb2b7e657c00e2282"
  integrity sha512-aw9F9T9G2zpGipLLhSNh6ZpgUyUl4frcVmRN08uE1NWPWg43Wx6+sGPDbQ7E5iFZZDJW5b5bypMeAEHqTbIFag==

ms@2.1.2:
  version "2.1.2"
  resolved "https://registry.yarnpkg.com/ms/-/ms-2.1.2.tgz#d09d1f357b443f493382a8eb3ccd183872ae6009"
  integrity sha512-sGkPx+VjMtmA6MX27oA4FBFELFCZZ4S4XqeGOXCv68tT+jb3vk/RyaKWP0PTKyWtmLSM0b+adUTEvbs1PEaH2w==

nock@^13.3.1:
  version "13.3.1"
  resolved "https://registry.yarnpkg.com/nock/-/nock-13.3.1.tgz#f22d4d661f7a05ebd9368edae1b5dc0a62d758fc"
  integrity sha512-vHnopocZuI93p2ccivFyGuUfzjq2fxNyNurp7816mlT5V5HF4SzXu8lvLrVzBbNqzs+ODooZ6OksuSUNM7Njkw==
  dependencies:
    debug "^4.1.0"
    json-stringify-safe "^5.0.1"
    lodash "^4.17.21"
    propagate "^2.0.0"

node-domexception@^1.0.0:
  version "1.0.0"
  resolved "https://registry.yarnpkg.com/node-domexception/-/node-domexception-1.0.0.tgz#6888db46a1f71c0b76b3f7555016b63fe64766e5"
  integrity sha512-/jKZoMpw0F8GRwl4/eLROPA3cfcXtLApP0QzLmUT/HuPCZWyB7IY9ZrMeKw2O/nFIqPQB3PVM9aYm0F312AXDQ==

node-fetch@^3.3.1:
  version "3.3.1"
  resolved "https://registry.yarnpkg.com/node-fetch/-/node-fetch-3.3.1.tgz#b3eea7b54b3a48020e46f4f88b9c5a7430d20b2e"
  integrity sha512-cRVc/kyto/7E5shrWca1Wsea4y6tL9iYJE5FBCius3JQfb/4P4I295PfhgbJQBLTx6lATE4z+wK0rPM4VS2uow==
  dependencies:
    data-uri-to-buffer "^4.0.0"
    fetch-blob "^3.1.4"
    formdata-polyfill "^4.0.10"

pako@^2.0.4:
  version "2.1.0"
  resolved "https://registry.yarnpkg.com/pako/-/pako-2.1.0.tgz#266cc37f98c7d883545d11335c00fbd4062c9a86"
  integrity sha512-w+eufiZ1WuJYgPXbV/PO3NCMEc3xqylkKHzp8bxp1uW4qaSNQUkwmLLEc3kKsfz8lpV1F8Ht3U1Cm+9Srog2ug==

propagate@^2.0.0:
  version "2.0.1"
  resolved "https://registry.yarnpkg.com/propagate/-/propagate-2.0.1.tgz#40cdedab18085c792334e64f0ac17256d38f9a45"
  integrity sha512-vGrhOavPSTz4QVNuBNdcNXePNdNMaO1xj9yBeH1ScQPjk/rhg9sSlCXPhMkFuaNNW/syTvYqsnbIJxMBfRbbag==

rxjs@^7.8.1:
  version "7.8.1"
  resolved "https://registry.yarnpkg.com/rxjs/-/rxjs-7.8.1.tgz#6f6f3d99ea8044291efd92e7c7fcf562c4057543"
  integrity sha512-AA3TVj+0A2iuIoQkWEK/tqFjBq2j+6PO6Y0zJcvzLAFhEFIO3HL0vls9hWLncZbAAbK0mar7oZ4V079I/qPMxg==
  dependencies:
    tslib "^2.1.0"

smoldot@1.0.4:
  version "1.0.4"
  resolved "https://registry.yarnpkg.com/smoldot/-/smoldot-1.0.4.tgz#e4c38cedad68d699a11b5b9ce72bb75c891bfd98"
  integrity sha512-N3TazI1C4GGrseFH/piWyZCCCRJTRx2QhDfrUKRT4SzILlW5m8ayZ3QTKICcz1C/536T9cbHHJyP7afxI6Mi1A==
  dependencies:
    pako "^2.0.4"
    ws "^8.8.1"

tslib@^2.1.0, tslib@^2.5.0:
  version "2.5.0"
  resolved "https://registry.yarnpkg.com/tslib/-/tslib-2.5.0.tgz#42bfed86f5787aeb41d031866c8f402429e0fddf"
  integrity sha512-336iVw3rtn2BUK7ORdIAHTyxHGRIHVReokCR3XjbckJMK7ms8FysBfhLR8IXnAgy7T0PTPNBWKiH514FOW/WSg==

web-streams-polyfill@^3.0.3:
  version "3.2.1"
  resolved "https://registry.yarnpkg.com/web-streams-polyfill/-/web-streams-polyfill-3.2.1.tgz#71c2718c52b45fd49dbeee88634b3a60ceab42a6"
  integrity sha512-e0MO3wdXWKrLbL0DgGnUV7WHVuw9OUvL4hjgnPkIeEvESk74gAITi5G606JtZPp39cd8HA9VQzCIvA49LpPN5Q==

ws@^8.13.0, ws@^8.8.1:
  version "8.13.0"
  resolved "https://registry.yarnpkg.com/ws/-/ws-8.13.0.tgz#9a9fb92f93cf41512a0735c8f4dd09b8a1211cd0"
  integrity sha512-x9vcZYTrFPC7aSIbj7sRCYo7L/Xb8Iy+pW0ng0wt2vCJv7M9HOMy0UoN3rr+IFC7hb7vXoqS+P9ktyLLLhO+LA==
