# THIS IS AN AUTOGENERATED FILE. DO NOT EDIT THIS FILE DIRECTLY.
# yarn lockfile v1


"@esbuild/aix-ppc64@0.25.1":
  version "0.25.1"
  resolved "https://registry.yarnpkg.com/@esbuild/aix-ppc64/-/aix-ppc64-0.25.1.tgz#c33cf6bbee34975626b01b80451cbb72b4c6c91d"
  integrity sha512-kfYGy8IdzTGy+z0vFGvExZtxkFlA4zAxgKEahG9KE1ScBjpQnFsNOX8KTU5ojNru5ed5CVoJYXFtoxaq5nFbjQ==

"@esbuild/android-arm64@0.25.1":
  version "0.25.1"
  resolved "https://registry.yarnpkg.com/@esbuild/android-arm64/-/android-arm64-0.25.1.tgz#ea766015c7d2655164f22100d33d7f0308a28d6d"
  integrity sha512-50tM0zCJW5kGqgG7fQ7IHvQOcAn9TKiVRuQ/lN0xR+T2lzEFvAi1ZcS8DiksFcEpf1t/GYOeOfCAgDHFpkiSmA==

"@esbuild/android-arm@0.25.1":
  version "0.25.1"
  resolved "https://registry.yarnpkg.com/@esbuild/android-arm/-/android-arm-0.25.1.tgz#e84d2bf2fe2e6177a0facda3a575b2139fd3cb9c"
  integrity sha512-dp+MshLYux6j/JjdqVLnMglQlFu+MuVeNrmT5nk6q07wNhCdSnB7QZj+7G8VMUGh1q+vj2Bq8kRsuyA00I/k+Q==

"@esbuild/android-x64@0.25.1":
  version "0.25.1"
  resolved "https://registry.yarnpkg.com/@esbuild/android-x64/-/android-x64-0.25.1.tgz#58337bee3bc6d78d10425e5500bd11370cfdfbed"
  integrity sha512-GCj6WfUtNldqUzYkN/ITtlhwQqGWu9S45vUXs7EIYf+7rCiiqH9bCloatO9VhxsL0Pji+PF4Lz2XXCES+Q8hDw==

"@esbuild/darwin-arm64@0.25.1":
  version "0.25.1"
  resolved "https://registry.yarnpkg.com/@esbuild/darwin-arm64/-/darwin-arm64-0.25.1.tgz#a46805c1c585d451aa83be72500bd6e8495dd591"
  integrity sha512-5hEZKPf+nQjYoSr/elb62U19/l1mZDdqidGfmFutVUjjUZrOazAtwK+Kr+3y0C/oeJfLlxo9fXb1w7L+P7E4FQ==

"@esbuild/darwin-x64@0.25.1":
  version "0.25.1"
  resolved "https://registry.yarnpkg.com/@esbuild/darwin-x64/-/darwin-x64-0.25.1.tgz#0643e003bb238c63fc93ddbee7d26a003be3cd98"
  integrity sha512-hxVnwL2Dqs3fM1IWq8Iezh0cX7ZGdVhbTfnOy5uURtao5OIVCEyj9xIzemDi7sRvKsuSdtCAhMKarxqtlyVyfA==

"@esbuild/freebsd-arm64@0.25.1":
  version "0.25.1"
  resolved "https://registry.yarnpkg.com/@esbuild/freebsd-arm64/-/freebsd-arm64-0.25.1.tgz#cff18da5469c09986b93e87979de5d6872fe8f8e"
  integrity sha512-1MrCZs0fZa2g8E+FUo2ipw6jw5qqQiH+tERoS5fAfKnRx6NXH31tXBKI3VpmLijLH6yriMZsxJtaXUyFt/8Y4A==

"@esbuild/freebsd-x64@0.25.1":
  version "0.25.1"
  resolved "https://registry.yarnpkg.com/@esbuild/freebsd-x64/-/freebsd-x64-0.25.1.tgz#362fc09c2de14987621c1878af19203c46365dde"
  integrity sha512-0IZWLiTyz7nm0xuIs0q1Y3QWJC52R8aSXxe40VUxm6BB1RNmkODtW6LHvWRrGiICulcX7ZvyH6h5fqdLu4gkww==

"@esbuild/linux-arm64@0.25.1":
  version "0.25.1"
  resolved "https://registry.yarnpkg.com/@esbuild/linux-arm64/-/linux-arm64-0.25.1.tgz#aa90d5b02efc97a271e124e6d1cea490634f7498"
  integrity sha512-jaN3dHi0/DDPelk0nLcXRm1q7DNJpjXy7yWaWvbfkPvI+7XNSc/lDOnCLN7gzsyzgu6qSAmgSvP9oXAhP973uQ==

"@esbuild/linux-arm@0.25.1":
  version "0.25.1"
  resolved "https://registry.yarnpkg.com/@esbuild/linux-arm/-/linux-arm-0.25.1.tgz#dfcefcbac60a20918b19569b4b657844d39db35a"
  integrity sha512-NdKOhS4u7JhDKw9G3cY6sWqFcnLITn6SqivVArbzIaf3cemShqfLGHYMx8Xlm/lBit3/5d7kXvriTUGa5YViuQ==

"@esbuild/linux-ia32@0.25.1":
  version "0.25.1"
  resolved "https://registry.yarnpkg.com/@esbuild/linux-ia32/-/linux-ia32-0.25.1.tgz#6f9527077ccb7953ed2af02e013d4bac69f13754"
  integrity sha512-OJykPaF4v8JidKNGz8c/q1lBO44sQNUQtq1KktJXdBLn1hPod5rE/Hko5ugKKZd+D2+o1a9MFGUEIUwO2YfgkQ==

"@esbuild/linux-loong64@0.25.1":
  version "0.25.1"
  resolved "https://registry.yarnpkg.com/@esbuild/linux-loong64/-/linux-loong64-0.25.1.tgz#287d2412a5456e5860c2839d42a4b51284d1697c"
  integrity sha512-nGfornQj4dzcq5Vp835oM/o21UMlXzn79KobKlcs3Wz9smwiifknLy4xDCLUU0BWp7b/houtdrgUz7nOGnfIYg==

"@esbuild/linux-mips64el@0.25.1":
  version "0.25.1"
  resolved "https://registry.yarnpkg.com/@esbuild/linux-mips64el/-/linux-mips64el-0.25.1.tgz#530574b9e1bc5d20f7a4f44c5f045e26f3783d57"
  integrity sha512-1osBbPEFYwIE5IVB/0g2X6i1qInZa1aIoj1TdL4AaAb55xIIgbg8Doq6a5BzYWgr+tEcDzYH67XVnTmUzL+nXg==

"@esbuild/linux-ppc64@0.25.1":
  version "0.25.1"
  resolved "https://registry.yarnpkg.com/@esbuild/linux-ppc64/-/linux-ppc64-0.25.1.tgz#5d7e6b283a0b321ea42c6bc0abeb9eb99c1f5589"
  integrity sha512-/6VBJOwUf3TdTvJZ82qF3tbLuWsscd7/1w+D9LH0W/SqUgM5/JJD0lrJ1fVIfZsqB6RFmLCe0Xz3fmZc3WtyVg==

"@esbuild/linux-riscv64@0.25.1":
  version "0.25.1"
  resolved "https://registry.yarnpkg.com/@esbuild/linux-riscv64/-/linux-riscv64-0.25.1.tgz#14fa0cd073c26b4ee2465d18cd1e18eea7859fa8"
  integrity sha512-nSut/Mx5gnilhcq2yIMLMe3Wl4FK5wx/o0QuuCLMtmJn+WeWYoEGDN1ipcN72g1WHsnIbxGXd4i/MF0gTcuAjQ==

"@esbuild/linux-s390x@0.25.1":
  version "0.25.1"
  resolved "https://registry.yarnpkg.com/@esbuild/linux-s390x/-/linux-s390x-0.25.1.tgz#e677b4b9d1b384098752266ccaa0d52a420dc1aa"
  integrity sha512-cEECeLlJNfT8kZHqLarDBQso9a27o2Zd2AQ8USAEoGtejOrCYHNtKP8XQhMDJMtthdF4GBmjR2au3x1udADQQQ==

"@esbuild/linux-x64@0.25.1":
  version "0.25.1"
  resolved "https://registry.yarnpkg.com/@esbuild/linux-x64/-/linux-x64-0.25.1.tgz#f1c796b78fff5ce393658313e8c58613198d9954"
  integrity sha512-xbfUhu/gnvSEg+EGovRc+kjBAkrvtk38RlerAzQxvMzlB4fXpCFCeUAYzJvrnhFtdeyVCDANSjJvOvGYoeKzFA==

"@esbuild/netbsd-arm64@0.25.1":
  version "0.25.1"
  resolved "https://registry.yarnpkg.com/@esbuild/netbsd-arm64/-/netbsd-arm64-0.25.1.tgz#0d280b7dfe3973f111b02d5fe9f3063b92796d29"
  integrity sha512-O96poM2XGhLtpTh+s4+nP7YCCAfb4tJNRVZHfIE7dgmax+yMP2WgMd2OecBuaATHKTHsLWHQeuaxMRnCsH8+5g==

"@esbuild/netbsd-x64@0.25.1":
  version "0.25.1"
  resolved "https://registry.yarnpkg.com/@esbuild/netbsd-x64/-/netbsd-x64-0.25.1.tgz#be663893931a4bb3f3a009c5cc24fa9681cc71c0"
  integrity sha512-X53z6uXip6KFXBQ+Krbx25XHV/NCbzryM6ehOAeAil7X7oa4XIq+394PWGnwaSQ2WRA0KI6PUO6hTO5zeF5ijA==

"@esbuild/openbsd-arm64@0.25.1":
  version "0.25.1"
  resolved "https://registry.yarnpkg.com/@esbuild/openbsd-arm64/-/openbsd-arm64-0.25.1.tgz#d9021b884233673a05dc1cc26de0bf325d824217"
  integrity sha512-Na9T3szbXezdzM/Kfs3GcRQNjHzM6GzFBeU1/6IV/npKP5ORtp9zbQjvkDJ47s6BCgaAZnnnu/cY1x342+MvZg==

"@esbuild/openbsd-x64@0.25.1":
  version "0.25.1"
  resolved "https://registry.yarnpkg.com/@esbuild/openbsd-x64/-/openbsd-x64-0.25.1.tgz#9f1dc1786ed2e2938c404b06bcc48be9a13250de"
  integrity sha512-T3H78X2h1tszfRSf+txbt5aOp/e7TAz3ptVKu9Oyir3IAOFPGV6O9c2naym5TOriy1l0nNf6a4X5UXRZSGX/dw==

"@esbuild/sunos-x64@0.25.1":
  version "0.25.1"
  resolved "https://registry.yarnpkg.com/@esbuild/sunos-x64/-/sunos-x64-0.25.1.tgz#89aac24a4b4115959b3f790192cf130396696c27"
  integrity sha512-2H3RUvcmULO7dIE5EWJH8eubZAI4xw54H1ilJnRNZdeo8dTADEZ21w6J22XBkXqGJbe0+wnNJtw3UXRoLJnFEg==

"@esbuild/win32-arm64@0.25.1":
  version "0.25.1"
  resolved "https://registry.yarnpkg.com/@esbuild/win32-arm64/-/win32-arm64-0.25.1.tgz#354358647a6ea98ea6d243bf48bdd7a434999582"
  integrity sha512-GE7XvrdOzrb+yVKB9KsRMq+7a2U/K5Cf/8grVFRAGJmfADr/e/ODQ134RK2/eeHqYV5eQRFxb1hY7Nr15fv1NQ==

"@esbuild/win32-ia32@0.25.1":
  version "0.25.1"
  resolved "https://registry.yarnpkg.com/@esbuild/win32-ia32/-/win32-ia32-0.25.1.tgz#8cea7340f2647eba951a041dc95651e3908cd4cb"
  integrity sha512-uOxSJCIcavSiT6UnBhBzE8wy3n0hOkJsBOzy7HDAuTDE++1DJMRRVCPGisULScHL+a/ZwdXPpXD3IyFKjA7K8A==

"@esbuild/win32-x64@0.25.1":
  version "0.25.1"
  resolved "https://registry.yarnpkg.com/@esbuild/win32-x64/-/win32-x64-0.25.1.tgz#7d79922cb2d88f9048f06393dbf62d2e4accb584"
  integrity sha512-Y1EQdcfwMSeQN/ujR5VayLOJ1BHaK+ssyk0AEzPjC+t1lITgsnccPqFjb6V+LsTp/9Iov4ysfjxLaGJ9RPtkVg==

"@noble/curves@^1.3.0":
  version "1.8.1"
  resolved "https://registry.yarnpkg.com/@noble/curves/-/curves-1.8.1.tgz#19bc3970e205c99e4bdb1c64a4785706bce497ff"
  integrity sha512-warwspo+UYUPep0Q+vtdVB4Ugn8GGQj8iyB3gnRWsztmUHTI3S1nhdiWNsPUGL0vud7JlRRk1XEu7Lq1KGTnMQ==
  dependencies:
    "@noble/hashes" "1.7.1"

"@noble/hashes@1.7.1", "@noble/hashes@^1.3.1", "@noble/hashes@^1.3.3":
  version "1.7.1"
  resolved "https://registry.yarnpkg.com/@noble/hashes/-/hashes-1.7.1.tgz#5738f6d765710921e7a751e00c20ae091ed8db0f"
  integrity sha512-B8XBPsn4vT/KJAGqDzbwztd+6Yte3P4V7iafm24bxgDe/mlRuK6xmWPuCNrKt2vDafZ8MfJLlchDG/vYafQEjQ==

"@polkadot-api/json-rpc-provider-proxy@^0.1.0":
  version "0.1.0"
  resolved "https://registry.yarnpkg.com/@polkadot-api/json-rpc-provider-proxy/-/json-rpc-provider-proxy-0.1.0.tgz#6e191f28e7d0fbbe8b540fc51d12a0adaeba297e"
  integrity sha512-8GSFE5+EF73MCuLQm8tjrbCqlgclcHBSRaswvXziJ0ZW7iw3UEMsKkkKvELayWyBuOPa2T5i1nj6gFOeIsqvrg==

"@polkadot-api/json-rpc-provider@0.0.1", "@polkadot-api/json-rpc-provider@^0.0.1":
  version "0.0.1"
  resolved "https://registry.yarnpkg.com/@polkadot-api/json-rpc-provider/-/json-rpc-provider-0.0.1.tgz#333645d40ccd9bccfd1f32503f17e4e63e76e297"
  integrity sha512-/SMC/l7foRjpykLTUTacIH05H3mr9ip8b5xxfwXlVezXrNVLp3Cv0GX6uItkKd+ZjzVPf3PFrDF2B2/HLSNESA==

"@polkadot-api/metadata-builders@0.3.2":
  version "0.3.2"
  resolved "https://registry.yarnpkg.com/@polkadot-api/metadata-builders/-/metadata-builders-0.3.2.tgz#007f158c9e0546cf79ba440befc0c753ab1a6629"
  integrity sha512-TKpfoT6vTb+513KDzMBTfCb/ORdgRnsS3TDFpOhAhZ08ikvK+hjHMt5plPiAX/OWkm1Wc9I3+K6W0hX5Ab7MVg==
  dependencies:
    "@polkadot-api/substrate-bindings" "0.6.0"
    "@polkadot-api/utils" "0.1.0"

"@polkadot-api/observable-client@^0.3.0":
  version "0.3.2"
  resolved "https://registry.yarnpkg.com/@polkadot-api/observable-client/-/observable-client-0.3.2.tgz#fd91efee350595a6e0ecfd3f294cc80de86c0cf7"
  integrity sha512-HGgqWgEutVyOBXoGOPp4+IAq6CNdK/3MfQJmhCJb8YaJiaK4W6aRGrdQuQSTPHfERHCARt9BrOmEvTXAT257Ug==
  dependencies:
    "@polkadot-api/metadata-builders" "0.3.2"
    "@polkadot-api/substrate-bindings" "0.6.0"
    "@polkadot-api/utils" "0.1.0"

"@polkadot-api/substrate-bindings@0.6.0":
  version "0.6.0"
  resolved "https://registry.yarnpkg.com/@polkadot-api/substrate-bindings/-/substrate-bindings-0.6.0.tgz#889b0c3ba19dc95282286506bf6e370a43ce119a"
  integrity sha512-lGuhE74NA1/PqdN7fKFdE5C1gNYX357j1tWzdlPXI0kQ7h3kN0zfxNOpPUN7dIrPcOFZ6C0tRRVrBylXkI6xPw==
  dependencies:
    "@noble/hashes" "^1.3.1"
    "@polkadot-api/utils" "0.1.0"
    "@scure/base" "^1.1.1"
    scale-ts "^1.6.0"

"@polkadot-api/substrate-client@^0.1.2":
  version "0.1.4"
  resolved "https://registry.yarnpkg.com/@polkadot-api/substrate-client/-/substrate-client-0.1.4.tgz#7a808e5cb85ecb9fa2b3a43945090a6c807430ce"
  integrity sha512-MljrPobN0ZWTpn++da9vOvt+Ex+NlqTlr/XT7zi9sqPtDJiQcYl+d29hFAgpaeTqbeQKZwz3WDE9xcEfLE8c5A==
  dependencies:
    "@polkadot-api/json-rpc-provider" "0.0.1"
    "@polkadot-api/utils" "0.1.0"

"@polkadot-api/utils@0.1.0":
  version "0.1.0"
  resolved "https://registry.yarnpkg.com/@polkadot-api/utils/-/utils-0.1.0.tgz#d36937cdc465c2ea302f3278cf53157340ab33a0"
  integrity sha512-MXzWZeuGxKizPx2Xf/47wx9sr/uxKw39bVJUptTJdsaQn/TGq+z310mHzf1RCGvC1diHM8f593KrnDgc9oNbJA==

"@polkadot/api-augment@15.8.1":
  version "15.8.1"
  resolved "https://registry.yarnpkg.com/@polkadot/api-augment/-/api-augment-15.8.1.tgz#e488e4b27c12b846eed591c634bf0e0299d9f10c"
  integrity sha512-xVnkhaG9g2+uMx5ekvUb1Q5JDo1wzWVNhOAmGshAYuNmaQPupMTJIZ301/+gmw+23cvZd9/uCNZKF9x+wEWmOw==
  dependencies:
    "@polkadot/api-base" "15.8.1"
    "@polkadot/rpc-augment" "15.8.1"
    "@polkadot/types" "15.8.1"
    "@polkadot/types-augment" "15.8.1"
    "@polkadot/types-codec" "15.8.1"
    "@polkadot/util" "^13.4.3"
    tslib "^2.8.1"

"@polkadot/api-base@15.8.1":
  version "15.8.1"
  resolved "https://registry.yarnpkg.com/@polkadot/api-base/-/api-base-15.8.1.tgz#7ab5edd4bcced27f1b343de2d4c87492d0aa64ff"
  integrity sha512-rGdasatpT5skvn49bc5qUB+oT2SyYeYWgnzGK1nc1UdOEEmV9/xMsBOqVc6KJsJR9vqnv9Y9SL00Bb9H21uVAA==
  dependencies:
    "@polkadot/rpc-core" "15.8.1"
    "@polkadot/types" "15.8.1"
    "@polkadot/util" "^13.4.3"
    rxjs "^7.8.1"
    tslib "^2.8.1"

"@polkadot/api-derive@15.8.1":
  version "15.8.1"
  resolved "https://registry.yarnpkg.com/@polkadot/api-derive/-/api-derive-15.8.1.tgz#a3e21894d94a80ee152bea07d12911d7d242d377"
  integrity sha512-/rN63eWMkVdJamkpmX00xmg3VTfCUgOXIjob1e1no6WkZsk1uAHaU90Scv4bQEIxhhewwFMIseMP8l8GlCsNHg==
  dependencies:
    "@polkadot/api" "15.8.1"
    "@polkadot/api-augment" "15.8.1"
    "@polkadot/api-base" "15.8.1"
    "@polkadot/rpc-core" "15.8.1"
    "@polkadot/types" "15.8.1"
    "@polkadot/types-codec" "15.8.1"
    "@polkadot/util" "^13.4.3"
    "@polkadot/util-crypto" "^13.4.3"
    rxjs "^7.8.1"
    tslib "^2.8.1"

"@polkadot/api@15.8.1", "@polkadot/api@^15.8.1":
  version "15.8.1"
  resolved "https://registry.yarnpkg.com/@polkadot/api/-/api-15.8.1.tgz#ebc1735b27c38c75f499947130c26a823cef5136"
  integrity sha512-J4BhtTGoBYTLEtd6CMku8J7oKfv66elVd5IRF7yOddJFmY0zb5fNk3B2Y9Pv495fo77M0qKc/LjseCZn207pQQ==
  dependencies:
    "@polkadot/api-augment" "15.8.1"
    "@polkadot/api-base" "15.8.1"
    "@polkadot/api-derive" "15.8.1"
    "@polkadot/keyring" "^13.4.3"
    "@polkadot/rpc-augment" "15.8.1"
    "@polkadot/rpc-core" "15.8.1"
    "@polkadot/rpc-provider" "15.8.1"
    "@polkadot/types" "15.8.1"
    "@polkadot/types-augment" "15.8.1"
    "@polkadot/types-codec" "15.8.1"
    "@polkadot/types-create" "15.8.1"
    "@polkadot/types-known" "15.8.1"
    "@polkadot/util" "^13.4.3"
    "@polkadot/util-crypto" "^13.4.3"
    eventemitter3 "^5.0.1"
    rxjs "^7.8.1"
    tslib "^2.8.1"

"@polkadot/keyring@^13.4.3":
  version "13.4.3"
  resolved "https://registry.yarnpkg.com/@polkadot/keyring/-/keyring-13.4.3.tgz#b48f7dba4eb3c32d20c002b8325579596329d983"
  integrity sha512-2ePNcvBTznDN2luKbZM5fdxgAnj7V8m276qSTgrHlqKVvg9FsQpRCR6CAU+AjhnHzpe7uiZO+UH+jlXWefI3AA==
  dependencies:
    "@polkadot/util" "13.4.3"
    "@polkadot/util-crypto" "13.4.3"
    tslib "^2.8.0"

"@polkadot/networks@13.4.3", "@polkadot/networks@^13.4.3":
  version "13.4.3"
  resolved "https://registry.yarnpkg.com/@polkadot/networks/-/networks-13.4.3.tgz#383a696fdc76ec4e70bf6a7360a87970ff7f7d06"
  integrity sha512-Z+YZkltBt//CtkVH8ZYJ1z66qYxdI0yPamzkzZAqw6gj3gjgSxKtxB4baA/rcAw05QTvN2R3dLkkmKr2mnHovQ==
  dependencies:
    "@polkadot/util" "13.4.3"
    "@substrate/ss58-registry" "^1.51.0"
    tslib "^2.8.0"

"@polkadot/rpc-augment@15.8.1":
  version "15.8.1"
  resolved "https://registry.yarnpkg.com/@polkadot/rpc-augment/-/rpc-augment-15.8.1.tgz#55de7bdb0d232fca9883113f75f5a5a5953c96bf"
  integrity sha512-Ko5VVQYkifnEiSkuq0vwxjwTdlgsexn8lcB2zzpDIdq1SVF/w3/lg7Ln4hqPKJ4QGAYf1D5sqhZCbOhlgN+DfA==
  dependencies:
    "@polkadot/rpc-core" "15.8.1"
    "@polkadot/types" "15.8.1"
    "@polkadot/types-codec" "15.8.1"
    "@polkadot/util" "^13.4.3"
    tslib "^2.8.1"

"@polkadot/rpc-core@15.8.1":
  version "15.8.1"
  resolved "https://registry.yarnpkg.com/@polkadot/rpc-core/-/rpc-core-15.8.1.tgz#efefa23ee6a6e230dcc8168e901897a2c94d6fd1"
  integrity sha512-QnEULlLO+eNVChll6nx8/J+VAa1SHmIZKi/ahMM5A5UWGc0ntLNDRT3Ts5itpUW8zI0mHCuQlkS1/7nYgbCb+Q==
  dependencies:
    "@polkadot/rpc-augment" "15.8.1"
    "@polkadot/rpc-provider" "15.8.1"
    "@polkadot/types" "15.8.1"
    "@polkadot/util" "^13.4.3"
    rxjs "^7.8.1"
    tslib "^2.8.1"

"@polkadot/rpc-provider@15.8.1", "@polkadot/rpc-provider@^15.8.1":
  version "15.8.1"
  resolved "https://registry.yarnpkg.com/@polkadot/rpc-provider/-/rpc-provider-15.8.1.tgz#4c0f2e84eff2d7aa8c7dbd4ee5f8c0b10a1ce6e5"
  integrity sha512-EAIRYiZNQeGPgG6AFyuRQdqLrYB/BL01Ra4ES8LA9nZwS4BVXuMoyzNuQqExUe2gNOjFfyVqURNBCR/0xzhMQg==
  dependencies:
    "@polkadot/keyring" "^13.4.3"
    "@polkadot/types" "15.8.1"
    "@polkadot/types-support" "15.8.1"
    "@polkadot/util" "^13.4.3"
    "@polkadot/util-crypto" "^13.4.3"
    "@polkadot/x-fetch" "^13.4.3"
    "@polkadot/x-global" "^13.4.3"
    "@polkadot/x-ws" "^13.4.3"
    eventemitter3 "^5.0.1"
    mock-socket "^9.3.1"
    nock "^13.5.5"
    tslib "^2.8.1"
  optionalDependencies:
    "@substrate/connect" "0.8.11"

"@polkadot/types-augment@15.8.1":
  version "15.8.1"
  resolved "https://registry.yarnpkg.com/@polkadot/types-augment/-/types-augment-15.8.1.tgz#c1dfc89b71dcc2ab23679d01cac25f7521eee653"
  integrity sha512-g3i+0q03gCLEx8YWDcvQk39QBAl4Cj59njNyX9XQKS2WZY0ZLVD4TMw0HEozMnYBb23dJjNeFxHkIdSQzaJBKA==
  dependencies:
    "@polkadot/types" "15.8.1"
    "@polkadot/types-codec" "15.8.1"
    "@polkadot/util" "^13.4.3"
    tslib "^2.8.1"

"@polkadot/types-codec@15.8.1":
  version "15.8.1"
  resolved "https://registry.yarnpkg.com/@polkadot/types-codec/-/types-codec-15.8.1.tgz#6c90770d4c5b34cbe46de3eb3fe7a62d0b85016f"
  integrity sha512-F5GMDbxCeBCBM28gwnMMXvf0psU1j6NL9HG7KzlxWV7sjz/GwOEVyzETaSTrp4/wXt5QYUIGJiFG4ltzkx9K4g==
  dependencies:
    "@polkadot/util" "^13.4.3"
    "@polkadot/x-bigint" "^13.4.3"
    tslib "^2.8.1"

"@polkadot/types-create@15.8.1":
  version "15.8.1"
  resolved "https://registry.yarnpkg.com/@polkadot/types-create/-/types-create-15.8.1.tgz#cb2b78459b4c77fecdc2e10001462f973cbbfa95"
  integrity sha512-h/4v5QJmagOjp3qFtBx+KQV5J8GxR/SJae1RTEt/6gCl/p9mS+yFGHHJ+ihD1wvcvh9XZCf/yotJAh+romY16A==
  dependencies:
    "@polkadot/types-codec" "15.8.1"
    "@polkadot/util" "^13.4.3"
    tslib "^2.8.1"

"@polkadot/types-known@15.8.1":
  version "15.8.1"
  resolved "https://registry.yarnpkg.com/@polkadot/types-known/-/types-known-15.8.1.tgz#9eac3a003263f944f4e631f27eadcf63a42172f0"
  integrity sha512-0kNMRN2xd4aQybKT7sFrjOId7SOtry4z6BYg97mqNVf42ZH4idk3YKO41RA2nfyzOuuFzr6hav4FrRa+8Aue0w==
  dependencies:
    "@polkadot/networks" "^13.4.3"
    "@polkadot/types" "15.8.1"
    "@polkadot/types-codec" "15.8.1"
    "@polkadot/types-create" "15.8.1"
    "@polkadot/util" "^13.4.3"
    tslib "^2.8.1"

"@polkadot/types-support@15.8.1":
  version "15.8.1"
  resolved "https://registry.yarnpkg.com/@polkadot/types-support/-/types-support-15.8.1.tgz#f22fd98437634e3ec445006472f29688d061a7a9"
  integrity sha512-2NWhxdD7+rARlnKiFo83+wtjzAT4tvaZUD7ahxTukJbHSewpwhaHpqnCJccasw51qipI4rX0G1ytPJbI4NIRDg==
  dependencies:
    "@polkadot/util" "^13.4.3"
    tslib "^2.8.1"

"@polkadot/types@15.8.1", "@polkadot/types@^15.8.1":
  version "15.8.1"
  resolved "https://registry.yarnpkg.com/@polkadot/types/-/types-15.8.1.tgz#7792f69b82ef7bc192942bae832b3c194a826738"
  integrity sha512-PALHaxeMaR+KwVN15XdmkF5udL9nm8ysIoS3iDMTSjjmZAZVhoELSUam/VxwEYkIuFBADj0i3zJTsEbiWBHotg==
  dependencies:
    "@polkadot/keyring" "^13.4.3"
    "@polkadot/types-augment" "15.8.1"
    "@polkadot/types-codec" "15.8.1"
    "@polkadot/types-create" "15.8.1"
    "@polkadot/util" "^13.4.3"
    "@polkadot/util-crypto" "^13.4.3"
    rxjs "^7.8.1"
    tslib "^2.8.1"

"@polkadot/util-crypto@13.4.3", "@polkadot/util-crypto@^13.4.3":
  version "13.4.3"
  resolved "https://registry.yarnpkg.com/@polkadot/util-crypto/-/util-crypto-13.4.3.tgz#6dbf3814949d6dc6f5f905bac26c057e9a5d18fc"
  integrity sha512-Ml0mjhKVetMrRCIosmVNMa6lbFPa3fSAeOggf34NsDIIQOKt9FL644iGz1ZSMOnBwN9qk2qHYmcFMTDXX2yKVQ==
  dependencies:
    "@noble/curves" "^1.3.0"
    "@noble/hashes" "^1.3.3"
    "@polkadot/networks" "13.4.3"
    "@polkadot/util" "13.4.3"
    "@polkadot/wasm-crypto" "^7.4.1"
    "@polkadot/wasm-util" "^7.4.1"
    "@polkadot/x-bigint" "13.4.3"
    "@polkadot/x-randomvalues" "13.4.3"
    "@scure/base" "^1.1.7"
    tslib "^2.8.0"

"@polkadot/util@13.4.3", "@polkadot/util@^13.4.3":
  version "13.4.3"
  resolved "https://registry.yarnpkg.com/@polkadot/util/-/util-13.4.3.tgz#b17449e89455b1f63aeedd5e73b7634b2d47f5a9"
  integrity sha512-6v2zvg8l7W22XvjYf7qv9tPQdYl2E6aXY94M4TZKsXZxmlS5BoG+A9Aq0+Gw8zBUjupjEmUkA6Y//msO8Zisug==
  dependencies:
    "@polkadot/x-bigint" "13.4.3"
    "@polkadot/x-global" "13.4.3"
    "@polkadot/x-textdecoder" "13.4.3"
    "@polkadot/x-textencoder" "13.4.3"
    "@types/bn.js" "^5.1.6"
    bn.js "^5.2.1"
    tslib "^2.8.0"

"@polkadot/wasm-bridge@7.4.1":
  version "7.4.1"
  resolved "https://registry.yarnpkg.com/@polkadot/wasm-bridge/-/wasm-bridge-7.4.1.tgz#dd59ebb7c425657aad64b1430e8455d14d935059"
  integrity sha512-tdkJaV453tezBxhF39r4oeG0A39sPKGDJmN81LYLf+Fihb7astzwju+u75BRmDrHZjZIv00un3razJEWCxze6g==
  dependencies:
    "@polkadot/wasm-util" "7.4.1"
    tslib "^2.7.0"

"@polkadot/wasm-crypto-asmjs@7.4.1":
  version "7.4.1"
  resolved "https://registry.yarnpkg.com/@polkadot/wasm-crypto-asmjs/-/wasm-crypto-asmjs-7.4.1.tgz#5d36f3f498077f826f2bbe742070574606e673e9"
  integrity sha512-pwU8QXhUW7IberyHJIQr37IhbB6DPkCG5FhozCiNTq4vFBsFPjm9q8aZh7oX1QHQaiAZa2m2/VjIVE+FHGbvHQ==
  dependencies:
    tslib "^2.7.0"

"@polkadot/wasm-crypto-init@7.4.1":
  version "7.4.1"
  resolved "https://registry.yarnpkg.com/@polkadot/wasm-crypto-init/-/wasm-crypto-init-7.4.1.tgz#88bc61c9473a7c39d9fafb27cd631215b053b836"
  integrity sha512-AVka33+f7MvXEEIGq5U0dhaA2SaXMXnxVCQyhJTaCnJ5bRDj0Xlm3ijwDEQUiaDql7EikbkkRtmlvs95eSUWYQ==
  dependencies:
    "@polkadot/wasm-bridge" "7.4.1"
    "@polkadot/wasm-crypto-asmjs" "7.4.1"
    "@polkadot/wasm-crypto-wasm" "7.4.1"
    "@polkadot/wasm-util" "7.4.1"
    tslib "^2.7.0"

"@polkadot/wasm-crypto-wasm@7.4.1":
  version "7.4.1"
  resolved "https://registry.yarnpkg.com/@polkadot/wasm-crypto-wasm/-/wasm-crypto-wasm-7.4.1.tgz#73d08f59aaf51ed70563c0099e7852fdeda03649"
  integrity sha512-PE1OAoupFR0ZOV2O8tr7D1FEUAwaggzxtfs3Aa5gr+yxlSOaWUKeqsOYe1KdrcjmZVV3iINEAXxgrbzCmiuONg==
  dependencies:
    "@polkadot/wasm-util" "7.4.1"
    tslib "^2.7.0"

"@polkadot/wasm-crypto@^7.4.1":
  version "7.4.1"
  resolved "https://registry.yarnpkg.com/@polkadot/wasm-crypto/-/wasm-crypto-7.4.1.tgz#6d5f94d28bf92ef234b94d55b0d1f4299cbbb7b7"
  integrity sha512-kHN/kF7hYxm1y0WeFLWeWir6oTzvcFmR4N8fJJokR+ajYbdmrafPN+6iLgQVbhZnDdxyv9jWDuRRsDnBx8tPMQ==
  dependencies:
    "@polkadot/wasm-bridge" "7.4.1"
    "@polkadot/wasm-crypto-asmjs" "7.4.1"
    "@polkadot/wasm-crypto-init" "7.4.1"
    "@polkadot/wasm-crypto-wasm" "7.4.1"
    "@polkadot/wasm-util" "7.4.1"
    tslib "^2.7.0"

"@polkadot/wasm-util@7.4.1", "@polkadot/wasm-util@^7.4.1":
  version "7.4.1"
  resolved "https://registry.yarnpkg.com/@polkadot/wasm-util/-/wasm-util-7.4.1.tgz#e8cea38a3b752efdef55080bb1da795ac71c5136"
  integrity sha512-RAcxNFf3zzpkr+LX/ItAsvj+QyM56TomJ0xjUMo4wKkHjwsxkz4dWJtx5knIgQz/OthqSDMR59VNEycQeNuXzA==
  dependencies:
    tslib "^2.7.0"

"@polkadot/x-bigint@13.4.3", "@polkadot/x-bigint@^13.4.3":
  version "13.4.3"
  resolved "https://registry.yarnpkg.com/@polkadot/x-bigint/-/x-bigint-13.4.3.tgz#96223a7d540e828e82a37a3f470521dcccbb9f00"
  integrity sha512-8NbjF5Q+5lflhvDFve58wULjCVcvXa932LKFtI5zL2gx5VDhMgyfkNcYRjHB18Ecl21963JuGzvGVTZNkh/i6g==
  dependencies:
    "@polkadot/x-global" "13.4.3"
    tslib "^2.8.0"

"@polkadot/x-fetch@^13.4.3":
  version "13.4.3"
  resolved "https://registry.yarnpkg.com/@polkadot/x-fetch/-/x-fetch-13.4.3.tgz#cb2c4c63db203f247bd712e36ce7cc017bb9e71c"
  integrity sha512-EwhcwROqWa7mvNTbLVNH71Hbyp5PW5j9lV2UpII5MZzRO95eYwV4oP/xgtTxC+60nC8lrvzAw0JxEHrmNzmtlg==
  dependencies:
    "@polkadot/x-global" "13.4.3"
    node-fetch "^3.3.2"
    tslib "^2.8.0"

"@polkadot/x-global@13.4.3", "@polkadot/x-global@^13.4.3":
  version "13.4.3"
  resolved "https://registry.yarnpkg.com/@polkadot/x-global/-/x-global-13.4.3.tgz#0f1d4606f16810061044e32a6e5af89651d31b59"
  integrity sha512-6c98kxZdoGRct3ua9Dz6/qz8wb3XFRUkaY+4+RzIgehKMPhu19pGWTrzmbJSyY9FtIpThuWKuDaBEvd5KgSxjA==
  dependencies:
    tslib "^2.8.0"

"@polkadot/x-randomvalues@13.4.3":
  version "13.4.3"
  resolved "https://registry.yarnpkg.com/@polkadot/x-randomvalues/-/x-randomvalues-13.4.3.tgz#33c81007d246c659bb4b5a7442497d30467a63e7"
  integrity sha512-pskXP/S2jROZ6aASExsUFlNp7GbJvQikKogvyvMMCzNIbUYLxpLuquLRa3MOORx2c0SNsENg90cx/zHT+IjPRQ==
  dependencies:
    "@polkadot/x-global" "13.4.3"
    tslib "^2.8.0"

"@polkadot/x-textdecoder@13.4.3":
  version "13.4.3"
  resolved "https://registry.yarnpkg.com/@polkadot/x-textdecoder/-/x-textdecoder-13.4.3.tgz#d67128d89fda99b882445ef1f9de4b782b1608ba"
  integrity sha512-k7Wg6csAPxfNtpBt3k5yUuPHYmRl/nl7H2OMr40upMjbZXbQ1RJW9Z3GBkLmQczG7NwwfAXHwQE9FYOMUtbuRQ==
  dependencies:
    "@polkadot/x-global" "13.4.3"
    tslib "^2.8.0"

"@polkadot/x-textencoder@13.4.3":
  version "13.4.3"
  resolved "https://registry.yarnpkg.com/@polkadot/x-textencoder/-/x-textencoder-13.4.3.tgz#fd9a06af967490ccdbe5969adfa68f35310b1a98"
  integrity sha512-byl2LbN1rnEXKmnsCzEDaIjSIHAr+1ciSe2yj3M0K+oWEEcaFZEovJaf/uoyzkcjn+/l8rDv3nget6mPuQ/DSw==
  dependencies:
    "@polkadot/x-global" "13.4.3"
    tslib "^2.8.0"

"@polkadot/x-ws@^13.4.3":
  version "13.4.3"
  resolved "https://registry.yarnpkg.com/@polkadot/x-ws/-/x-ws-13.4.3.tgz#dabc1ef8021fe58ecf3a8babdc246326faac241d"
  integrity sha512-GS0I6MYLD/xNAAjODZi/pbG7Ba0e/5sbvDIrT01iKH3SPGN+PZoyAsc04t2IOXA6QmPa1OBHnaU3N4K8gGmJ+w==
  dependencies:
    "@polkadot/x-global" "13.4.3"
    tslib "^2.8.0"
    ws "^8.18.0"

"@scure/base@^1.1.1", "@scure/base@^1.1.7":
  version "1.2.4"
  resolved "https://registry.yarnpkg.com/@scure/base/-/base-1.2.4.tgz#002eb571a35d69bdb4c214d0995dff76a8dcd2a9"
  integrity sha512-5Yy9czTO47mqz+/J8GM6GIId4umdCk1wc1q8rKERQulIoc8VP9pzDcghv10Tl2E7R96ZUx/PhND3ESYUQX8NuQ==

"@substrate/connect-extension-protocol@^2.0.0":
  version "2.2.2"
  resolved "https://registry.yarnpkg.com/@substrate/connect-extension-protocol/-/connect-extension-protocol-2.2.2.tgz#2cf8f2eaf1879308d307a1a08df83cd5db918fe0"
  integrity sha512-t66jwrXA0s5Goq82ZtjagLNd7DPGCNjHeehRlE/gcJmJ+G56C0W+2plqOMRicJ8XGR1/YFnUSEqUFiSNbjGrAA==

"@substrate/connect-known-chains@^1.1.5":
  version "1.9.2"
  resolved "https://registry.yarnpkg.com/@substrate/connect-known-chains/-/connect-known-chains-1.9.2.tgz#9cbed20cf03091f28fc4319fe2419f735729ce52"
  integrity sha512-uEmm+rKJQQhhbforvmcg74TsDHKFVBkstjPwblGT1RdHMxUKR7Gq7F8vbkGnr5ce9tMK2Ylil760Z7vtX013hw==

"@substrate/connect@0.8.11":
  version "0.8.11"
  resolved "https://registry.yarnpkg.com/@substrate/connect/-/connect-0.8.11.tgz#983ec69a05231636e217b573b8130a6b942af69f"
  integrity sha512-ofLs1PAO9AtDdPbdyTYj217Pe+lBfTLltdHDs3ds8no0BseoLeAGxpz1mHfi7zB4IxI3YyAiLjH6U8cw4pj4Nw==
  dependencies:
    "@substrate/connect-extension-protocol" "^2.0.0"
    "@substrate/connect-known-chains" "^1.1.5"
    "@substrate/light-client-extension-helpers" "^1.0.0"
    smoldot "2.0.26"

"@substrate/light-client-extension-helpers@^1.0.0":
  version "1.0.0"
  resolved "https://registry.yarnpkg.com/@substrate/light-client-extension-helpers/-/light-client-extension-helpers-1.0.0.tgz#7b60368c57e06e5cf798c6557422d12e6d81f1ff"
  integrity sha512-TdKlni1mBBZptOaeVrKnusMg/UBpWUORNDv5fdCaJklP4RJiFOzBCrzC+CyVI5kQzsXBisZ+2pXm+rIjS38kHg==
  dependencies:
    "@polkadot-api/json-rpc-provider" "^0.0.1"
    "@polkadot-api/json-rpc-provider-proxy" "^0.1.0"
    "@polkadot-api/observable-client" "^0.3.0"
    "@polkadot-api/substrate-client" "^0.1.2"
    "@substrate/connect-extension-protocol" "^2.0.0"
    "@substrate/connect-known-chains" "^1.1.5"
    rxjs "^7.8.1"

"@substrate/ss58-registry@^1.51.0":
  version "1.51.0"
  resolved "https://registry.yarnpkg.com/@substrate/ss58-registry/-/ss58-registry-1.51.0.tgz#39e0341eb4069c2d3e684b93f0d8cb0bec572383"
  integrity sha512-TWDurLiPxndFgKjVavCniytBIw+t4ViOi7TYp9h/D0NMmkEc9klFTo+827eyEJ0lELpqO207Ey7uGxUa+BS1jQ==

"@types/bn.js@^5.1.6":
  version "5.1.6"
  resolved "https://registry.yarnpkg.com/@types/bn.js/-/bn.js-5.1.6.tgz#9ba818eec0c85e4d3c679518428afdf611d03203"
  integrity sha512-Xh8vSwUeMKeYYrj3cX4lGQgFSF/N03r+tv4AiLl1SucqV+uTQpxRcnM8AkXKHwYP9ZPXOYXRr2KPXpVlIvqh9w==
  dependencies:
    "@types/node" "*"

"@types/node@*":
  version "22.13.10"
  resolved "https://registry.yarnpkg.com/@types/node/-/node-22.13.10.tgz#df9ea358c5ed991266becc3109dc2dc9125d77e4"
  integrity sha512-I6LPUvlRH+O6VRUqYOcMudhaIdUVWfsjnZavnsraHvpBwaEyMN29ry+0UVJhImYL16xsscu0aske3yA+uPOWfw==
  dependencies:
    undici-types "~6.20.0"

bn.js@^5.2.1:
  version "5.2.1"
  resolved "https://registry.yarnpkg.com/bn.js/-/bn.js-5.2.1.tgz#0bc527a6a0d18d0aa8d5b0538ce4a77dccfa7b70"
  integrity sha512-eXRvHzWyYPBuB4NBy0cmYQjGitUrtqwbvlzP3G6VFnNRbsZQIxQ10PbKKHt8gZ/HW/D/747aDl+QkDqg3KQLMQ==

data-uri-to-buffer@^4.0.0:
  version "4.0.1"
  resolved "https://registry.yarnpkg.com/data-uri-to-buffer/-/data-uri-to-buffer-4.0.1.tgz#d8feb2b2881e6a4f58c2e08acfd0e2834e26222e"
  integrity sha512-0R9ikRb668HB7QDxT1vkpuUBtqc53YyAwMwGeUFKRojY/NWKvdZ+9UYtRfGmhqNbRkTSVpMbmyhXipFFv2cb/A==

debug@^4.1.0:
  version "4.4.0"
  resolved "https://registry.yarnpkg.com/debug/-/debug-4.4.0.tgz#2b3f2aea2ffeb776477460267377dc8710faba8a"
  integrity sha512-6WTZ/IxCY/T6BALoZHaE4ctp9xm+Z5kY/pzYaCHRFeyVhojxlrm+46y68HA6hr0TcwEssoxNiDEUJQjfPZ/RYA==
  dependencies:
    ms "^2.1.3"

esbuild@^0.25.1:
  version "0.25.1"
  resolved "https://registry.yarnpkg.com/esbuild/-/esbuild-0.25.1.tgz#a16b8d070b6ad4871935277bda6ccfe852e3fa2f"
  integrity sha512-BGO5LtrGC7vxnqucAe/rmvKdJllfGaYWdyABvyMoXQlfYMb2bbRuReWR5tEGE//4LcNJj9XrkovTqNYRFZHAMQ==
  optionalDependencies:
    "@esbuild/aix-ppc64" "0.25.1"
    "@esbuild/android-arm" "0.25.1"
    "@esbuild/android-arm64" "0.25.1"
    "@esbuild/android-x64" "0.25.1"
    "@esbuild/darwin-arm64" "0.25.1"
    "@esbuild/darwin-x64" "0.25.1"
    "@esbuild/freebsd-arm64" "0.25.1"
    "@esbuild/freebsd-x64" "0.25.1"
    "@esbuild/linux-arm" "0.25.1"
    "@esbuild/linux-arm64" "0.25.1"
    "@esbuild/linux-ia32" "0.25.1"
    "@esbuild/linux-loong64" "0.25.1"
    "@esbuild/linux-mips64el" "0.25.1"
    "@esbuild/linux-ppc64" "0.25.1"
    "@esbuild/linux-riscv64" "0.25.1"
    "@esbuild/linux-s390x" "0.25.1"
    "@esbuild/linux-x64" "0.25.1"
    "@esbuild/netbsd-arm64" "0.25.1"
    "@esbuild/netbsd-x64" "0.25.1"
    "@esbuild/openbsd-arm64" "0.25.1"
    "@esbuild/openbsd-x64" "0.25.1"
    "@esbuild/sunos-x64" "0.25.1"
    "@esbuild/win32-arm64" "0.25.1"
    "@esbuild/win32-ia32" "0.25.1"
    "@esbuild/win32-x64" "0.25.1"

eventemitter3@^5.0.1:
  version "5.0.1"
  resolved "https://registry.yarnpkg.com/eventemitter3/-/eventemitter3-5.0.1.tgz#53f5ffd0a492ac800721bb42c66b841de96423c4"
  integrity sha512-GWkBvjiSZK87ELrYOSESUYeVIc9mvLLf/nXalMOS5dYrgZq9o5OVkbZAVM06CVxYsCwH9BDZFPlQTlPA1j4ahA==

fetch-blob@^3.1.2, fetch-blob@^3.1.4:
  version "3.2.0"
  resolved "https://registry.yarnpkg.com/fetch-blob/-/fetch-blob-3.2.0.tgz#f09b8d4bbd45adc6f0c20b7e787e793e309dcce9"
  integrity sha512-7yAQpD2UMJzLi1Dqv7qFYnPbaPx7ZfFK6PiIxQ4PfkGPyNyl2Ugx+a/umUonmKqjhM4DnfbMvdX6otXq83soQQ==
  dependencies:
    node-domexception "^1.0.0"
    web-streams-polyfill "^3.0.3"

formdata-polyfill@^4.0.10:
  version "4.0.10"
  resolved "https://registry.yarnpkg.com/formdata-polyfill/-/formdata-polyfill-4.0.10.tgz#24807c31c9d402e002ab3d8c720144ceb8848423"
  integrity sha512-buewHzMvYL29jdeQTVILecSaZKnt/RJWjoZCF5OW60Z67/GmSLBkOFM7qh1PI3zFNtJbaZL5eQu1vLfazOwj4g==
  dependencies:
    fetch-blob "^3.1.2"

json-stringify-safe@^5.0.1:
  version "5.0.1"
  resolved "https://registry.yarnpkg.com/json-stringify-safe/-/json-stringify-safe-5.0.1.tgz#1296a2d58fd45f19a0f6ce01d65701e2c735b6eb"
  integrity sha512-ZClg6AaYvamvYEE82d3Iyd3vSSIjQ+odgjaTzRuO3s7toCdFKczob2i0zCh7JE8kWn17yvAWhUVxvqGwUalsRA==

mock-socket@^9.3.1:
  version "9.3.1"
  resolved "https://registry.yarnpkg.com/mock-socket/-/mock-socket-9.3.1.tgz#24fb00c2f573c84812aa4a24181bb025de80cc8e"
  integrity sha512-qxBgB7Qa2sEQgHFjj0dSigq7fX4k6Saisd5Nelwp2q8mlbAFh5dHV9JTTlF8viYJLSSWgMCZFUom8PJcMNBoJw==

ms@^2.1.3:
  version "2.1.3"
  resolved "https://registry.yarnpkg.com/ms/-/ms-2.1.3.tgz#574c8138ce1d2b5861f0b44579dbadd60c6615b2"
  integrity sha512-6FlzubTLZG3J2a/NVCAleEhjzq5oxgHyaCU9yYXvcLsvoVaHJq/s5xXI6/XXP6tz7R9xAOtHnSO/tXtF3WRTlA==

nock@^13.5.5:
  version "13.5.6"
  resolved "https://registry.yarnpkg.com/nock/-/nock-13.5.6.tgz#5e693ec2300bbf603b61dae6df0225673e6c4997"
  integrity sha512-o2zOYiCpzRqSzPj0Zt/dQ/DqZeYoaQ7TUonc/xUPjCGl9WeHpNbxgVvOquXYAaJzI0M9BXV3HTzG0p8IUAbBTQ==
  dependencies:
    debug "^4.1.0"
    json-stringify-safe "^5.0.1"
    propagate "^2.0.0"

node-domexception@^1.0.0:
  version "1.0.0"
  resolved "https://registry.yarnpkg.com/node-domexception/-/node-domexception-1.0.0.tgz#6888db46a1f71c0b76b3f7555016b63fe64766e5"
  integrity sha512-/jKZoMpw0F8GRwl4/eLROPA3cfcXtLApP0QzLmUT/HuPCZWyB7IY9ZrMeKw2O/nFIqPQB3PVM9aYm0F312AXDQ==

node-fetch@^3.3.2:
  version "3.3.2"
  resolved "https://registry.yarnpkg.com/node-fetch/-/node-fetch-3.3.2.tgz#d1e889bacdf733b4ff3b2b243eb7a12866a0b78b"
  integrity sha512-dRB78srN/l6gqWulah9SrxeYnxeddIG30+GOqK/9OlLVyLg3HPnr6SqOWTWOXKRwC2eGYCkZ59NNuSgvSrpgOA==
  dependencies:
    data-uri-to-buffer "^4.0.0"
    fetch-blob "^3.1.4"
    formdata-polyfill "^4.0.10"

propagate@^2.0.0:
  version "2.0.1"
  resolved "https://registry.yarnpkg.com/propagate/-/propagate-2.0.1.tgz#40cdedab18085c792334e64f0ac17256d38f9a45"
  integrity sha512-vGrhOavPSTz4QVNuBNdcNXePNdNMaO1xj9yBeH1ScQPjk/rhg9sSlCXPhMkFuaNNW/syTvYqsnbIJxMBfRbbag==

rxjs@^7.8.1:
  version "7.8.2"
  resolved "https://registry.yarnpkg.com/rxjs/-/rxjs-7.8.2.tgz#955bc473ed8af11a002a2be52071bf475638607b"
  integrity sha512-dhKf903U/PQZY6boNNtAGdWbG85WAbjT/1xYoZIC7FAY0yWapOBQVsVrDl58W86//e1VpMNBtRV4MaXfdMySFA==
  dependencies:
    tslib "^2.1.0"

scale-ts@^1.6.0:
  version "1.6.1"
  resolved "https://registry.yarnpkg.com/scale-ts/-/scale-ts-1.6.1.tgz#45151e156d6c04792223c39d8e7484ce926445f2"
  integrity sha512-PBMc2AWc6wSEqJYBDPcyCLUj9/tMKnLX70jLOSndMtcUoLQucP/DM0vnQo1wJAYjTrQiq8iG9rD0q6wFzgjH7g==

smoldot@2.0.26:
  version "2.0.26"
  resolved "https://registry.yarnpkg.com/smoldot/-/smoldot-2.0.26.tgz#0e64c7fcd26240fbe4c8d6b6e4b9a9aca77e00f6"
  integrity sha512-F+qYmH4z2s2FK+CxGj8moYcd1ekSIKH8ywkdqlOz88Dat35iB1DIYL11aILN46YSGMzQW/lbJNS307zBSDN5Ig==
  dependencies:
    ws "^8.8.1"

tslib@^2.1.0, tslib@^2.7.0, tslib@^2.8.0, tslib@^2.8.1:
  version "2.8.1"
  resolved "https://registry.yarnpkg.com/tslib/-/tslib-2.8.1.tgz#612efe4ed235d567e8aba5f2a5fab70280ade83f"
  integrity sha512-oJFu94HQb+KVduSUQL7wnpmqnfmLsOA/nAh6b6EH0wCEoK0/mPeXU6c3wKDV83MkOuHPRHtSXKKU99IBazS/2w==

undici-types@~6.20.0:
  version "6.20.0"
  resolved "https://registry.yarnpkg.com/undici-types/-/undici-types-6.20.0.tgz#8171bf22c1f588d1554d55bf204bc624af388433"
  integrity sha512-Ny6QZ2Nju20vw1SRHe3d9jVu6gJ+4e3+MMpqu7pqE5HT6WsTSlce++GQmK5UXS8mzV8DSYHrQH+Xrf2jVcuKNg==

web-streams-polyfill@^3.0.3:
  version "3.3.3"
  resolved "https://registry.yarnpkg.com/web-streams-polyfill/-/web-streams-polyfill-3.3.3.tgz#2073b91a2fdb1fbfbd401e7de0ac9f8214cecb4b"
  integrity sha512-d2JWLCivmZYTSIoge9MsgFCZrt571BikcWGYkjC1khllbTeDlGqZ2D8vD8E/lJa8WGWbb7Plm8/XJYV7IJHZZw==

ws@^8.18.0, ws@^8.8.1:
  version "8.18.1"
  resolved "https://registry.yarnpkg.com/ws/-/ws-8.18.1.tgz#ea131d3784e1dfdff91adb0a4a116b127515e3cb"
  integrity sha512-RKW2aJZMXeMxVpnZ6bck+RswznaxmzdULiBr6KY7XkTnW8uvt0iT9H5DkHUChXrc+uurzwa0rVI16n/Xzjdz1w==

yarn@^1.22.22:
  version "1.22.22"
  resolved "https://registry.yarnpkg.com/yarn/-/yarn-1.22.22.tgz#ac34549e6aa8e7ead463a7407e1c7390f61a6610"
  integrity sha512-prL3kGtyG7o9Z9Sv8IPfBNrWTDmXB4Qbes8A9rEzt6wkJV8mUvoirjU0Mp3GGAU06Y0XQyA3/2/RQFVuK7MTfg==
